// !$*UTF8*$!
{
	archiveVersion = 1;
	classes = {
	};
	objectVersion = 46;
	objects = {

/* Begin PBXBuildFile section */
		D0BB24751678772C005E9371 /* Cocoa.framework in Frameworks */ = {isa = PBXBuildFile; fileRef = D0BB24741678772C005E9371 /* Cocoa.framework */; };
		D0BB247F1678772C005E9371 /* InfoPlist.strings in Resources */ = {isa = PBXBuildFile; fileRef = D0BB247D1678772C005E9371 /* InfoPlist.strings */; };
		D0BB248B1678772C005E9371 /* SenTestingKit.framework in Frameworks */ = {isa = PBXBuildFile; fileRef = D0BB248A1678772C005E9371 /* SenTestingKit.framework */; };
		D0BB248C1678772C005E9371 /* Cocoa.framework in Frameworks */ = {isa = PBXBuildFile; fileRef = D0BB24741678772C005E9371 /* Cocoa.framework */; };
		D0BB248F1678772C005E9371 /* ReactiveCocoaLayout.framework in Frameworks */ = {isa = PBXBuildFile; fileRef = D0BB24711678772C005E9371 /* ReactiveCocoaLayout.framework */; };
		D0BB24951678772C005E9371 /* InfoPlist.strings in Resources */ = {isa = PBXBuildFile; fileRef = D0BB24931678772C005E9371 /* InfoPlist.strings */; };
		D0BB24981678772C005E9371 /* ReactiveCocoaLayoutTests.m in Sources */ = {isa = PBXBuildFile; fileRef = D0BB24971678772C005E9371 /* ReactiveCocoaLayoutTests.m */; };
		D0BB24DC16787938005E9371 /* ReactiveCocoa.framework in Frameworks */ = {isa = PBXBuildFile; fileRef = D0BB24CD16787923005E9371 /* ReactiveCocoa.framework */; };
		D0BB24DD167879A3005E9371 /* ReactiveCocoaLayout.h in Headers */ = {isa = PBXBuildFile; fileRef = D0BB24811678772C005E9371 /* ReactiveCocoaLayout.h */; settings = {ATTRIBUTES = (Public, ); }; };
		D0BB24E2167879CA005E9371 /* EXTProtocolCategory.m in Sources */ = {isa = PBXBuildFile; fileRef = D0BB24DF167879CA005E9371 /* EXTProtocolCategory.m */; };
		D0BB24E4167879D5005E9371 /* EXTProtocolCategory.h in Headers */ = {isa = PBXBuildFile; fileRef = D0BB24DE167879CA005E9371 /* EXTProtocolCategory.h */; settings = {ATTRIBUTES = (Public, ); }; };
		D0BB24E5167879DA005E9371 /* metamacros.h in Headers */ = {isa = PBXBuildFile; fileRef = D0BB24E0167879CA005E9371 /* metamacros.h */; settings = {ATTRIBUTES = (Public, ); }; };
		D0BB24E916787A01005E9371 /* RACSignal+RCLGeometryAdditions.h in Headers */ = {isa = PBXBuildFile; fileRef = D0BB24E716787A01005E9371 /* RACSignal+RCLGeometryAdditions.h */; settings = {ATTRIBUTES = (Public, ); }; };
		D0BB24EA16787A01005E9371 /* RACSignal+RCLGeometryAdditions.m in Sources */ = {isa = PBXBuildFile; fileRef = D0BB24E816787A01005E9371 /* RACSignal+RCLGeometryAdditions.m */; };
		D0BB25A9167880BC005E9371 /* libArchimedes.a in Frameworks */ = {isa = PBXBuildFile; fileRef = D0BB257E1678809D005E9371 /* libArchimedes.a */; };
		D0BB25E01678847A005E9371 /* NSView+RCLObservationAdditions.h in Headers */ = {isa = PBXBuildFile; fileRef = D0BB25DE1678847A005E9371 /* NSView+RCLObservationAdditions.h */; settings = {ATTRIBUTES = (Public, ); }; };
		D0BB25E11678847A005E9371 /* NSView+RCLObservationAdditions.m in Sources */ = {isa = PBXBuildFile; fileRef = D0BB25DF1678847A005E9371 /* NSView+RCLObservationAdditions.m */; };
		D0BB25EB16788579005E9371 /* NSNotificationCenter+RACSupport.m in Sources */ = {isa = PBXBuildFile; fileRef = D0BB25E916788579005E9371 /* NSNotificationCenter+RACSupport.m */; };
/* End PBXBuildFile section */

/* Begin PBXContainerItemProxy section */
		D0BB248D1678772C005E9371 /* PBXContainerItemProxy */ = {
			isa = PBXContainerItemProxy;
			containerPortal = D0BB24671678772C005E9371 /* Project object */;
			proxyType = 1;
			remoteGlobalIDString = D0BB24701678772C005E9371;
			remoteInfo = ReactiveCocoaLayout;
		};
		D0BB24CC16787923005E9371 /* PBXContainerItemProxy */ = {
			isa = PBXContainerItemProxy;
			containerPortal = D0BB24BB16787923005E9371 /* ReactiveCocoa.xcodeproj */;
			proxyType = 2;
			remoteGlobalIDString = 88037F8315056328001A5B19;
			remoteInfo = ReactiveCocoa;
		};
		D0BB24CE16787923005E9371 /* PBXContainerItemProxy */ = {
			isa = PBXContainerItemProxy;
			containerPortal = D0BB24BB16787923005E9371 /* ReactiveCocoa.xcodeproj */;
			proxyType = 2;
			remoteGlobalIDString = 88F440AB153DAC820097B4C3;
			remoteInfo = "ReactiveCocoa-iOS";
		};
		D0BB24D016787923005E9371 /* PBXContainerItemProxy */ = {
			isa = PBXContainerItemProxy;
			containerPortal = D0BB24BB16787923005E9371 /* ReactiveCocoa.xcodeproj */;
			proxyType = 2;
			remoteGlobalIDString = 88CDF7DC15000FCF00163A9F;
			remoteInfo = ReactiveCocoaTests;
		};
		D0BB24DA16787933005E9371 /* PBXContainerItemProxy */ = {
			isa = PBXContainerItemProxy;
			containerPortal = D0BB24BB16787923005E9371 /* ReactiveCocoa.xcodeproj */;
			proxyType = 1;
			remoteGlobalIDString = 88037F8215056328001A5B19;
			remoteInfo = ReactiveCocoa;
		};
		D0BB257D1678809D005E9371 /* PBXContainerItemProxy */ = {
			isa = PBXContainerItemProxy;
			containerPortal = D0BB25711678809C005E9371 /* Archimedes.xcodeproj */;
			proxyType = 2;
			remoteGlobalIDString = D02FAED91635DDC0008D42D9;
			remoteInfo = "Archimedes Mac";
		};
		D0BB257F1678809D005E9371 /* PBXContainerItemProxy */ = {
			isa = PBXContainerItemProxy;
			containerPortal = D0BB25711678809C005E9371 /* Archimedes.xcodeproj */;
			proxyType = 2;
			remoteGlobalIDString = D02FAEED1635DDC0008D42D9;
			remoteInfo = "Archimedes Mac Tests";
		};
		D0BB25811678809D005E9371 /* PBXContainerItemProxy */ = {
			isa = PBXContainerItemProxy;
			containerPortal = D0BB25711678809C005E9371 /* Archimedes.xcodeproj */;
			proxyType = 2;
			remoteGlobalIDString = D02FAF8F1635DFD8008D42D9;
			remoteInfo = "Archimedes iOS";
		};
		D0BB25831678809D005E9371 /* PBXContainerItemProxy */ = {
			isa = PBXContainerItemProxy;
			containerPortal = D0BB25711678809C005E9371 /* Archimedes.xcodeproj */;
			proxyType = 2;
			remoteGlobalIDString = D02FAF9D1635DFD9008D42D9;
			remoteInfo = "Archimedes iOS Tests";
		};
		D0BB25A7167880B2005E9371 /* PBXContainerItemProxy */ = {
			isa = PBXContainerItemProxy;
			containerPortal = D0BB25711678809C005E9371 /* Archimedes.xcodeproj */;
			proxyType = 1;
			remoteGlobalIDString = D02FAED81635DDC0008D42D9;
			remoteInfo = "Archimedes Mac";
		};
/* End PBXContainerItemProxy section */

/* Begin PBXFileReference section */
		D0BB24711678772C005E9371 /* ReactiveCocoaLayout.framework */ = {isa = PBXFileReference; explicitFileType = wrapper.framework; includeInIndex = 0; path = ReactiveCocoaLayout.framework; sourceTree = BUILT_PRODUCTS_DIR; };
		D0BB24741678772C005E9371 /* Cocoa.framework */ = {isa = PBXFileReference; lastKnownFileType = wrapper.framework; name = Cocoa.framework; path = System/Library/Frameworks/Cocoa.framework; sourceTree = SDKROOT; };
		D0BB24771678772C005E9371 /* AppKit.framework */ = {isa = PBXFileReference; lastKnownFileType = wrapper.framework; name = AppKit.framework; path = System/Library/Frameworks/AppKit.framework; sourceTree = SDKROOT; };
		D0BB24791678772C005E9371 /* Foundation.framework */ = {isa = PBXFileReference; lastKnownFileType = wrapper.framework; name = Foundation.framework; path = System/Library/Frameworks/Foundation.framework; sourceTree = SDKROOT; };
		D0BB247C1678772C005E9371 /* ReactiveCocoaLayout-Info.plist */ = {isa = PBXFileReference; lastKnownFileType = text.plist.xml; path = "ReactiveCocoaLayout-Info.plist"; sourceTree = "<group>"; };
		D0BB247E1678772C005E9371 /* en */ = {isa = PBXFileReference; lastKnownFileType = text.plist.strings; name = en; path = en.lproj/InfoPlist.strings; sourceTree = "<group>"; };
		D0BB24801678772C005E9371 /* ReactiveCocoaLayout-Prefix.pch */ = {isa = PBXFileReference; lastKnownFileType = sourcecode.c.h; path = "ReactiveCocoaLayout-Prefix.pch"; sourceTree = "<group>"; };
		D0BB24811678772C005E9371 /* ReactiveCocoaLayout.h */ = {isa = PBXFileReference; lastKnownFileType = sourcecode.c.h; path = ReactiveCocoaLayout.h; sourceTree = "<group>"; };
		D0BB24891678772C005E9371 /* ReactiveCocoaLayoutTests.octest */ = {isa = PBXFileReference; explicitFileType = wrapper.cfbundle; includeInIndex = 0; path = ReactiveCocoaLayoutTests.octest; sourceTree = BUILT_PRODUCTS_DIR; };
		D0BB248A1678772C005E9371 /* SenTestingKit.framework */ = {isa = PBXFileReference; lastKnownFileType = wrapper.framework; name = SenTestingKit.framework; path = Library/Frameworks/SenTestingKit.framework; sourceTree = DEVELOPER_DIR; };
		D0BB24921678772C005E9371 /* ReactiveCocoaLayoutTests-Info.plist */ = {isa = PBXFileReference; lastKnownFileType = text.plist.xml; path = "ReactiveCocoaLayoutTests-Info.plist"; sourceTree = "<group>"; };
		D0BB24941678772C005E9371 /* en */ = {isa = PBXFileReference; lastKnownFileType = text.plist.strings; name = en; path = en.lproj/InfoPlist.strings; sourceTree = "<group>"; };
		D0BB24961678772C005E9371 /* ReactiveCocoaLayoutTests.h */ = {isa = PBXFileReference; lastKnownFileType = sourcecode.c.h; path = ReactiveCocoaLayoutTests.h; sourceTree = "<group>"; };
		D0BB24971678772C005E9371 /* ReactiveCocoaLayoutTests.m */ = {isa = PBXFileReference; lastKnownFileType = sourcecode.c.objc; path = ReactiveCocoaLayoutTests.m; sourceTree = "<group>"; };
		D0BB24A81678789A005E9371 /* Common.xcconfig */ = {isa = PBXFileReference; lastKnownFileType = text.xcconfig; path = Common.xcconfig; sourceTree = "<group>"; };
		D0BB24AA1678789A005E9371 /* Debug.xcconfig */ = {isa = PBXFileReference; lastKnownFileType = text.xcconfig; path = Debug.xcconfig; sourceTree = "<group>"; };
		D0BB24AB1678789A005E9371 /* Profile.xcconfig */ = {isa = PBXFileReference; lastKnownFileType = text.xcconfig; path = Profile.xcconfig; sourceTree = "<group>"; };
		D0BB24AC1678789A005E9371 /* Release.xcconfig */ = {isa = PBXFileReference; lastKnownFileType = text.xcconfig; path = Release.xcconfig; sourceTree = "<group>"; };
		D0BB24AE1678789A005E9371 /* Application.xcconfig */ = {isa = PBXFileReference; lastKnownFileType = text.xcconfig; path = Application.xcconfig; sourceTree = "<group>"; };
		D0BB24AF1678789A005E9371 /* StaticLibrary.xcconfig */ = {isa = PBXFileReference; lastKnownFileType = text.xcconfig; path = StaticLibrary.xcconfig; sourceTree = "<group>"; };
		D0BB24B11678789A005E9371 /* iOS-Application.xcconfig */ = {isa = PBXFileReference; lastKnownFileType = text.xcconfig; path = "iOS-Application.xcconfig"; sourceTree = "<group>"; };
		D0BB24B21678789A005E9371 /* iOS-Base.xcconfig */ = {isa = PBXFileReference; lastKnownFileType = text.xcconfig; path = "iOS-Base.xcconfig"; sourceTree = "<group>"; };
		D0BB24B31678789A005E9371 /* iOS-StaticLibrary.xcconfig */ = {isa = PBXFileReference; lastKnownFileType = text.xcconfig; path = "iOS-StaticLibrary.xcconfig"; sourceTree = "<group>"; };
		D0BB24B51678789A005E9371 /* Mac-Application.xcconfig */ = {isa = PBXFileReference; lastKnownFileType = text.xcconfig; path = "Mac-Application.xcconfig"; sourceTree = "<group>"; };
		D0BB24B61678789A005E9371 /* Mac-Base.xcconfig */ = {isa = PBXFileReference; lastKnownFileType = text.xcconfig; path = "Mac-Base.xcconfig"; sourceTree = "<group>"; };
		D0BB24B71678789A005E9371 /* Mac-DynamicLibrary.xcconfig */ = {isa = PBXFileReference; lastKnownFileType = text.xcconfig; path = "Mac-DynamicLibrary.xcconfig"; sourceTree = "<group>"; };
		D0BB24B81678789A005E9371 /* Mac-Framework.xcconfig */ = {isa = PBXFileReference; lastKnownFileType = text.xcconfig; path = "Mac-Framework.xcconfig"; sourceTree = "<group>"; };
		D0BB24B91678789A005E9371 /* Mac-StaticLibrary.xcconfig */ = {isa = PBXFileReference; lastKnownFileType = text.xcconfig; path = "Mac-StaticLibrary.xcconfig"; sourceTree = "<group>"; };
		D0BB24BA1678789A005E9371 /* README.md */ = {isa = PBXFileReference; lastKnownFileType = text; path = README.md; sourceTree = "<group>"; };
		D0BB24BB16787923005E9371 /* ReactiveCocoa.xcodeproj */ = {isa = PBXFileReference; lastKnownFileType = "wrapper.pb-project"; name = ReactiveCocoa.xcodeproj; path = External/ReactiveCocoa/ReactiveCocoaFramework/ReactiveCocoa.xcodeproj; sourceTree = "<group>"; };
		D0BB24DE167879CA005E9371 /* EXTProtocolCategory.h */ = {isa = PBXFileReference; fileEncoding = 4; lastKnownFileType = sourcecode.c.h; name = EXTProtocolCategory.h; path = External/ReactiveCocoa/ReactiveCocoaFramework/ReactiveCocoa/libextobjc/extobjc/EXTProtocolCategory.h; sourceTree = "<group>"; };
		D0BB24DF167879CA005E9371 /* EXTProtocolCategory.m */ = {isa = PBXFileReference; fileEncoding = 4; lastKnownFileType = sourcecode.c.objc; name = EXTProtocolCategory.m; path = External/ReactiveCocoa/ReactiveCocoaFramework/ReactiveCocoa/libextobjc/extobjc/EXTProtocolCategory.m; sourceTree = "<group>"; };
		D0BB24E0167879CA005E9371 /* metamacros.h */ = {isa = PBXFileReference; fileEncoding = 4; lastKnownFileType = sourcecode.c.h; name = metamacros.h; path = External/ReactiveCocoa/ReactiveCocoaFramework/ReactiveCocoa/libextobjc/extobjc/metamacros.h; sourceTree = "<group>"; };
		D0BB24E716787A01005E9371 /* RACSignal+RCLGeometryAdditions.h */ = {isa = PBXFileReference; fileEncoding = 4; lastKnownFileType = sourcecode.c.h; path = "RACSignal+RCLGeometryAdditions.h"; sourceTree = "<group>"; };
		D0BB24E816787A01005E9371 /* RACSignal+RCLGeometryAdditions.m */ = {isa = PBXFileReference; fileEncoding = 4; lastKnownFileType = sourcecode.c.objc; path = "RACSignal+RCLGeometryAdditions.m"; sourceTree = "<group>"; };
		D0BB25711678809C005E9371 /* Archimedes.xcodeproj */ = {isa = PBXFileReference; lastKnownFileType = "wrapper.pb-project"; name = Archimedes.xcodeproj; path = External/Archimedes/Archimedes.xcodeproj; sourceTree = "<group>"; };
		D0BB25DE1678847A005E9371 /* NSView+RCLObservationAdditions.h */ = {isa = PBXFileReference; fileEncoding = 4; lastKnownFileType = sourcecode.c.h; path = "NSView+RCLObservationAdditions.h"; sourceTree = "<group>"; };
		D0BB25DF1678847A005E9371 /* NSView+RCLObservationAdditions.m */ = {isa = PBXFileReference; fileEncoding = 4; lastKnownFileType = sourcecode.c.objc; path = "NSView+RCLObservationAdditions.m"; sourceTree = "<group>"; };
		D0BB25E816788579005E9371 /* NSNotificationCenter+RACSupport.h */ = {isa = PBXFileReference; fileEncoding = 4; lastKnownFileType = sourcecode.c.h; name = "NSNotificationCenter+RACSupport.h"; path = "External/ReactiveCocoa/RACExtensions/NSNotificationCenter+RACSupport.h"; sourceTree = "<group>"; };
		D0BB25E916788579005E9371 /* NSNotificationCenter+RACSupport.m */ = {isa = PBXFileReference; fileEncoding = 4; lastKnownFileType = sourcecode.c.objc; name = "NSNotificationCenter+RACSupport.m"; path = "External/ReactiveCocoa/RACExtensions/NSNotificationCenter+RACSupport.m"; sourceTree = "<group>"; };
/* End PBXFileReference section */

/* Begin PBXFrameworksBuildPhase section */
		D0BB246D1678772C005E9371 /* Frameworks */ = {
			isa = PBXFrameworksBuildPhase;
			buildActionMask = 2147483647;
			files = (
				D0BB25A9167880BC005E9371 /* libArchimedes.a in Frameworks */,
				D0BB24751678772C005E9371 /* Cocoa.framework in Frameworks */,
				D0BB24DC16787938005E9371 /* ReactiveCocoa.framework in Frameworks */,
			);
			runOnlyForDeploymentPostprocessing = 0;
		};
		D0BB24851678772C005E9371 /* Frameworks */ = {
			isa = PBXFrameworksBuildPhase;
			buildActionMask = 2147483647;
			files = (
				D0BB248B1678772C005E9371 /* SenTestingKit.framework in Frameworks */,
				D0BB248C1678772C005E9371 /* Cocoa.framework in Frameworks */,
				D0BB248F1678772C005E9371 /* ReactiveCocoaLayout.framework in Frameworks */,
			);
			runOnlyForDeploymentPostprocessing = 0;
		};
/* End PBXFrameworksBuildPhase section */

/* Begin PBXGroup section */
		D0BB24651678772C005E9371 = {
			isa = PBXGroup;
			children = (
				D0BB247A1678772C005E9371 /* ReactiveCocoaLayout */,
				D0BB24901678772C005E9371 /* ReactiveCocoaLayoutTests */,
				D0BB24731678772C005E9371 /* Frameworks */,
				D0BB24A61678789A005E9371 /* Configuration */,
				D0BB24721678772C005E9371 /* Products */,
			);
			sourceTree = "<group>";
		};
		D0BB24721678772C005E9371 /* Products */ = {
			isa = PBXGroup;
			children = (
				D0BB24711678772C005E9371 /* ReactiveCocoaLayout.framework */,
				D0BB24891678772C005E9371 /* ReactiveCocoaLayoutTests.octest */,
			);
			name = Products;
			sourceTree = "<group>";
		};
		D0BB24731678772C005E9371 /* Frameworks */ = {
			isa = PBXGroup;
			children = (
				D0BB24D916787927005E9371 /* libextobjc */,
				D0BB25EC1678857E005E9371 /* RACExtensions */,
				D0BB25711678809C005E9371 /* Archimedes.xcodeproj */,
				D0BB24BB16787923005E9371 /* ReactiveCocoa.xcodeproj */,
				D0BB24741678772C005E9371 /* Cocoa.framework */,
				D0BB248A1678772C005E9371 /* SenTestingKit.framework */,
				D0BB24771678772C005E9371 /* AppKit.framework */,
				D0BB24791678772C005E9371 /* Foundation.framework */,
			);
			name = Frameworks;
			sourceTree = "<group>";
		};
		D0BB247A1678772C005E9371 /* ReactiveCocoaLayout */ = {
			isa = PBXGroup;
			children = (
				D0BB24811678772C005E9371 /* ReactiveCocoaLayout.h */,
				D0BB24E6167879E6005E9371 /* Extensions */,
				D0BB247B1678772C005E9371 /* Supporting Files */,
			);
			path = ReactiveCocoaLayout;
			sourceTree = "<group>";
		};
		D0BB247B1678772C005E9371 /* Supporting Files */ = {
			isa = PBXGroup;
			children = (
				D0BB247C1678772C005E9371 /* ReactiveCocoaLayout-Info.plist */,
				D0BB247D1678772C005E9371 /* InfoPlist.strings */,
				D0BB24801678772C005E9371 /* ReactiveCocoaLayout-Prefix.pch */,
			);
			name = "Supporting Files";
			sourceTree = "<group>";
		};
		D0BB24901678772C005E9371 /* ReactiveCocoaLayoutTests */ = {
			isa = PBXGroup;
			children = (
				D0BB24961678772C005E9371 /* ReactiveCocoaLayoutTests.h */,
				D0BB24971678772C005E9371 /* ReactiveCocoaLayoutTests.m */,
				D0BB24911678772C005E9371 /* Supporting Files */,
			);
			path = ReactiveCocoaLayoutTests;
			sourceTree = "<group>";
		};
		D0BB24911678772C005E9371 /* Supporting Files */ = {
			isa = PBXGroup;
			children = (
				D0BB24921678772C005E9371 /* ReactiveCocoaLayoutTests-Info.plist */,
				D0BB24931678772C005E9371 /* InfoPlist.strings */,
			);
			name = "Supporting Files";
			sourceTree = "<group>";
		};
		D0BB24A61678789A005E9371 /* Configuration */ = {
			isa = PBXGroup;
			children = (
				D0BB24A71678789A005E9371 /* Base */,
				D0BB24B01678789A005E9371 /* iOS */,
				D0BB24B41678789A005E9371 /* Mac OS X */,
				D0BB24BA1678789A005E9371 /* README.md */,
			);
			name = Configuration;
			path = External/ReactiveCocoa/ReactiveCocoaFramework/ReactiveCocoa/libextobjc/Configuration;
			sourceTree = "<group>";
		};
		D0BB24A71678789A005E9371 /* Base */ = {
			isa = PBXGroup;
			children = (
				D0BB24A81678789A005E9371 /* Common.xcconfig */,
				D0BB24A91678789A005E9371 /* Configurations */,
				D0BB24AD1678789A005E9371 /* Targets */,
			);
			path = Base;
			sourceTree = "<group>";
		};
		D0BB24A91678789A005E9371 /* Configurations */ = {
			isa = PBXGroup;
			children = (
				D0BB24AA1678789A005E9371 /* Debug.xcconfig */,
				D0BB24AB1678789A005E9371 /* Profile.xcconfig */,
				D0BB24AC1678789A005E9371 /* Release.xcconfig */,
			);
			path = Configurations;
			sourceTree = "<group>";
		};
		D0BB24AD1678789A005E9371 /* Targets */ = {
			isa = PBXGroup;
			children = (
				D0BB24AE1678789A005E9371 /* Application.xcconfig */,
				D0BB24AF1678789A005E9371 /* StaticLibrary.xcconfig */,
			);
			path = Targets;
			sourceTree = "<group>";
		};
		D0BB24B01678789A005E9371 /* iOS */ = {
			isa = PBXGroup;
			children = (
				D0BB24B11678789A005E9371 /* iOS-Application.xcconfig */,
				D0BB24B21678789A005E9371 /* iOS-Base.xcconfig */,
				D0BB24B31678789A005E9371 /* iOS-StaticLibrary.xcconfig */,
			);
			path = iOS;
			sourceTree = "<group>";
		};
		D0BB24B41678789A005E9371 /* Mac OS X */ = {
			isa = PBXGroup;
			children = (
				D0BB24B51678789A005E9371 /* Mac-Application.xcconfig */,
				D0BB24B61678789A005E9371 /* Mac-Base.xcconfig */,
				D0BB24B71678789A005E9371 /* Mac-DynamicLibrary.xcconfig */,
				D0BB24B81678789A005E9371 /* Mac-Framework.xcconfig */,
				D0BB24B91678789A005E9371 /* Mac-StaticLibrary.xcconfig */,
			);
			path = "Mac OS X";
			sourceTree = "<group>";
		};
		D0BB24BC16787923005E9371 /* Products */ = {
			isa = PBXGroup;
			children = (
				D0BB24CD16787923005E9371 /* ReactiveCocoa.framework */,
				D0BB24CF16787923005E9371 /* libReactiveCocoa-iOS.a */,
				D0BB24D116787923005E9371 /* ReactiveCocoaTests.octest */,
			);
			name = Products;
			sourceTree = "<group>";
		};
		D0BB24D916787927005E9371 /* libextobjc */ = {
			isa = PBXGroup;
			children = (
				D0BB24DE167879CA005E9371 /* EXTProtocolCategory.h */,
				D0BB24DF167879CA005E9371 /* EXTProtocolCategory.m */,
				D0BB24E0167879CA005E9371 /* metamacros.h */,
			);
			name = libextobjc;
			sourceTree = "<group>";
		};
		D0BB24E6167879E6005E9371 /* Extensions */ = {
			isa = PBXGroup;
			children = (
				D0BB25DE1678847A005E9371 /* NSView+RCLObservationAdditions.h */,
				D0BB25DF1678847A005E9371 /* NSView+RCLObservationAdditions.m */,
				D0BB24E716787A01005E9371 /* RACSignal+RCLGeometryAdditions.h */,
				D0BB24E816787A01005E9371 /* RACSignal+RCLGeometryAdditions.m */,
			);
			name = Extensions;
			sourceTree = "<group>";
		};
		D0BB25721678809C005E9371 /* Products */ = {
			isa = PBXGroup;
			children = (
				D0BB257E1678809D005E9371 /* libArchimedes.a */,
				D0BB25801678809D005E9371 /* Archimedes Mac Tests.octest */,
				D0BB25821678809D005E9371 /* libArchimedes.a */,
				D0BB25841678809D005E9371 /* Archimedes iOS Tests.octest */,
			);
			name = Products;
			sourceTree = "<group>";
		};
		D0BB25EC1678857E005E9371 /* RACExtensions */ = {
			isa = PBXGroup;
			children = (
				D0BB25E816788579005E9371 /* NSNotificationCenter+RACSupport.h */,
				D0BB25E916788579005E9371 /* NSNotificationCenter+RACSupport.m */,
			);
			name = RACExtensions;
			sourceTree = "<group>";
		};
/* End PBXGroup section */

/* Begin PBXHeadersBuildPhase section */
		D0BB246E1678772C005E9371 /* Headers */ = {
			isa = PBXHeadersBuildPhase;
			buildActionMask = 2147483647;
			files = (
				D0BB24DD167879A3005E9371 /* ReactiveCocoaLayout.h in Headers */,
				D0BB24E4167879D5005E9371 /* EXTProtocolCategory.h in Headers */,
				D0BB24E5167879DA005E9371 /* metamacros.h in Headers */,
				D0BB24E916787A01005E9371 /* RACSignal+RCLGeometryAdditions.h in Headers */,
				D0BB25E01678847A005E9371 /* NSView+RCLObservationAdditions.h in Headers */,
			);
			runOnlyForDeploymentPostprocessing = 0;
		};
/* End PBXHeadersBuildPhase section */

/* Begin PBXNativeTarget section */
		D0BB24701678772C005E9371 /* ReactiveCocoaLayout */ = {
			isa = PBXNativeTarget;
			buildConfigurationList = D0BB249B1678772C005E9371 /* Build configuration list for PBXNativeTarget "ReactiveCocoaLayout" */;
			buildPhases = (
				D0BB246C1678772C005E9371 /* Sources */,
				D0BB246D1678772C005E9371 /* Frameworks */,
				D0BB246E1678772C005E9371 /* Headers */,
				D0BB246F1678772C005E9371 /* Resources */,
			);
			buildRules = (
			);
			dependencies = (
				D0BB25A8167880B2005E9371 /* PBXTargetDependency */,
				D0BB24DB16787933005E9371 /* PBXTargetDependency */,
			);
			name = ReactiveCocoaLayout;
			productName = ReactiveCocoaLayout;
			productReference = D0BB24711678772C005E9371 /* ReactiveCocoaLayout.framework */;
			productType = "com.apple.product-type.framework";
		};
		D0BB24881678772C005E9371 /* ReactiveCocoaLayoutTests */ = {
			isa = PBXNativeTarget;
			buildConfigurationList = D0BB249E1678772C005E9371 /* Build configuration list for PBXNativeTarget "ReactiveCocoaLayoutTests" */;
			buildPhases = (
				D0BB24841678772C005E9371 /* Sources */,
				D0BB24851678772C005E9371 /* Frameworks */,
				D0BB24861678772C005E9371 /* Resources */,
				D0BB24871678772C005E9371 /* ShellScript */,
			);
			buildRules = (
			);
			dependencies = (
				D0BB248E1678772C005E9371 /* PBXTargetDependency */,
			);
			name = ReactiveCocoaLayoutTests;
			productName = ReactiveCocoaLayoutTests;
			productReference = D0BB24891678772C005E9371 /* ReactiveCocoaLayoutTests.octest */;
			productType = "com.apple.product-type.bundle";
		};
/* End PBXNativeTarget section */

/* Begin PBXProject section */
		D0BB24671678772C005E9371 /* Project object */ = {
			isa = PBXProject;
			attributes = {
				LastUpgradeCheck = 0450;
				ORGANIZATIONNAME = GitHub;
			};
			buildConfigurationList = D0BB246A1678772C005E9371 /* Build configuration list for PBXProject "ReactiveCocoaLayout" */;
			compatibilityVersion = "Xcode 3.2";
			developmentRegion = English;
			hasScannedForEncodings = 0;
			knownRegions = (
				en,
			);
			mainGroup = D0BB24651678772C005E9371;
			productRefGroup = D0BB24721678772C005E9371 /* Products */;
			projectDirPath = "";
			projectReferences = (
				{
					ProductGroup = D0BB25721678809C005E9371 /* Products */;
					ProjectRef = D0BB25711678809C005E9371 /* Archimedes.xcodeproj */;
				},
				{
					ProductGroup = D0BB24BC16787923005E9371 /* Products */;
					ProjectRef = D0BB24BB16787923005E9371 /* ReactiveCocoa.xcodeproj */;
				},
			);
			projectRoot = "";
			targets = (
				D0BB24701678772C005E9371 /* ReactiveCocoaLayout */,
				D0BB24881678772C005E9371 /* ReactiveCocoaLayoutTests */,
			);
		};
/* End PBXProject section */

/* Begin PBXReferenceProxy section */
		D0BB24CD16787923005E9371 /* ReactiveCocoa.framework */ = {
			isa = PBXReferenceProxy;
			fileType = wrapper.framework;
			path = ReactiveCocoa.framework;
			remoteRef = D0BB24CC16787923005E9371 /* PBXContainerItemProxy */;
			sourceTree = BUILT_PRODUCTS_DIR;
		};
		D0BB24CF16787923005E9371 /* libReactiveCocoa-iOS.a */ = {
			isa = PBXReferenceProxy;
			fileType = archive.ar;
			path = "libReactiveCocoa-iOS.a";
			remoteRef = D0BB24CE16787923005E9371 /* PBXContainerItemProxy */;
			sourceTree = BUILT_PRODUCTS_DIR;
		};
		D0BB24D116787923005E9371 /* ReactiveCocoaTests.octest */ = {
			isa = PBXReferenceProxy;
			fileType = wrapper.cfbundle;
			path = ReactiveCocoaTests.octest;
			remoteRef = D0BB24D016787923005E9371 /* PBXContainerItemProxy */;
			sourceTree = BUILT_PRODUCTS_DIR;
		};
		D0BB257E1678809D005E9371 /* libArchimedes.a */ = {
			isa = PBXReferenceProxy;
			fileType = archive.ar;
			path = libArchimedes.a;
			remoteRef = D0BB257D1678809D005E9371 /* PBXContainerItemProxy */;
			sourceTree = BUILT_PRODUCTS_DIR;
		};
		D0BB25801678809D005E9371 /* Archimedes Mac Tests.octest */ = {
			isa = PBXReferenceProxy;
			fileType = wrapper.cfbundle;
			path = "Archimedes Mac Tests.octest";
			remoteRef = D0BB257F1678809D005E9371 /* PBXContainerItemProxy */;
			sourceTree = BUILT_PRODUCTS_DIR;
		};
		D0BB25821678809D005E9371 /* libArchimedes.a */ = {
			isa = PBXReferenceProxy;
			fileType = archive.ar;
			path = libArchimedes.a;
			remoteRef = D0BB25811678809D005E9371 /* PBXContainerItemProxy */;
			sourceTree = BUILT_PRODUCTS_DIR;
		};
		D0BB25841678809D005E9371 /* Archimedes iOS Tests.octest */ = {
			isa = PBXReferenceProxy;
			fileType = wrapper.cfbundle;
			path = "Archimedes iOS Tests.octest";
			remoteRef = D0BB25831678809D005E9371 /* PBXContainerItemProxy */;
			sourceTree = BUILT_PRODUCTS_DIR;
		};
/* End PBXReferenceProxy section */

/* Begin PBXResourcesBuildPhase section */
		D0BB246F1678772C005E9371 /* Resources */ = {
			isa = PBXResourcesBuildPhase;
			buildActionMask = 2147483647;
			files = (
				D0BB247F1678772C005E9371 /* InfoPlist.strings in Resources */,
			);
			runOnlyForDeploymentPostprocessing = 0;
		};
		D0BB24861678772C005E9371 /* Resources */ = {
			isa = PBXResourcesBuildPhase;
			buildActionMask = 2147483647;
			files = (
				D0BB24951678772C005E9371 /* InfoPlist.strings in Resources */,
			);
			runOnlyForDeploymentPostprocessing = 0;
		};
/* End PBXResourcesBuildPhase section */

/* Begin PBXShellScriptBuildPhase section */
		D0BB24871678772C005E9371 /* ShellScript */ = {
			isa = PBXShellScriptBuildPhase;
			buildActionMask = 2147483647;
			files = (
			);
			inputPaths = (
			);
			outputPaths = (
			);
			runOnlyForDeploymentPostprocessing = 0;
			shellPath = /bin/sh;
			shellScript = "# Run the unit tests in this test bundle.\n\"${SYSTEM_DEVELOPER_DIR}/Tools/RunUnitTests\"\n";
		};
/* End PBXShellScriptBuildPhase section */

/* Begin PBXSourcesBuildPhase section */
		D0BB246C1678772C005E9371 /* Sources */ = {
			isa = PBXSourcesBuildPhase;
			buildActionMask = 2147483647;
			files = (
				D0BB24E2167879CA005E9371 /* EXTProtocolCategory.m in Sources */,
				D0BB24EA16787A01005E9371 /* RACSignal+RCLGeometryAdditions.m in Sources */,
				D0BB25E11678847A005E9371 /* NSView+RCLObservationAdditions.m in Sources */,
				D0BB25EB16788579005E9371 /* NSNotificationCenter+RACSupport.m in Sources */,
			);
			runOnlyForDeploymentPostprocessing = 0;
		};
		D0BB24841678772C005E9371 /* Sources */ = {
			isa = PBXSourcesBuildPhase;
			buildActionMask = 2147483647;
			files = (
				D0BB24981678772C005E9371 /* ReactiveCocoaLayoutTests.m in Sources */,
			);
			runOnlyForDeploymentPostprocessing = 0;
		};
/* End PBXSourcesBuildPhase section */

/* Begin PBXTargetDependency section */
		D0BB248E1678772C005E9371 /* PBXTargetDependency */ = {
			isa = PBXTargetDependency;
			target = D0BB24701678772C005E9371 /* ReactiveCocoaLayout */;
			targetProxy = D0BB248D1678772C005E9371 /* PBXContainerItemProxy */;
		};
		D0BB24DB16787933005E9371 /* PBXTargetDependency */ = {
			isa = PBXTargetDependency;
			name = ReactiveCocoa;
			targetProxy = D0BB24DA16787933005E9371 /* PBXContainerItemProxy */;
		};
		D0BB25A8167880B2005E9371 /* PBXTargetDependency */ = {
			isa = PBXTargetDependency;
			name = "Archimedes Mac";
			targetProxy = D0BB25A7167880B2005E9371 /* PBXContainerItemProxy */;
		};
/* End PBXTargetDependency section */

/* Begin PBXVariantGroup section */
		D0BB247D1678772C005E9371 /* InfoPlist.strings */ = {
			isa = PBXVariantGroup;
			children = (
				D0BB247E1678772C005E9371 /* en */,
			);
			name = InfoPlist.strings;
			sourceTree = "<group>";
		};
		D0BB24931678772C005E9371 /* InfoPlist.strings */ = {
			isa = PBXVariantGroup;
			children = (
				D0BB24941678772C005E9371 /* en */,
			);
			name = InfoPlist.strings;
			sourceTree = "<group>";
		};
/* End PBXVariantGroup section */

/* Begin XCBuildConfiguration section */
		D0BB24991678772C005E9371 /* Debug */ = {
			isa = XCBuildConfiguration;
			baseConfigurationReference = D0BB24AA1678789A005E9371 /* Debug.xcconfig */;
			buildSettings = {
				ARCHS = "$(ARCHS_STANDARD_64_BIT)";
				CLANG_CXX_LANGUAGE_STANDARD = "gnu++0x";
				CLANG_CXX_LIBRARY = "libc++";
				GCC_C_LANGUAGE_STANDARD = gnu99;
				HEADER_SEARCH_PATHS = External/Archimedes;
				MACOSX_DEPLOYMENT_TARGET = 10.8;
			};
			name = Debug;
		};
		D0BB249A1678772C005E9371 /* Release */ = {
			isa = XCBuildConfiguration;
			baseConfigurationReference = D0BB24AC1678789A005E9371 /* Release.xcconfig */;
			buildSettings = {
				ARCHS = "$(ARCHS_STANDARD_64_BIT)";
				CLANG_CXX_LANGUAGE_STANDARD = "gnu++0x";
				CLANG_CXX_LIBRARY = "libc++";
				GCC_C_LANGUAGE_STANDARD = gnu99;
				HEADER_SEARCH_PATHS = External/Archimedes;
				MACOSX_DEPLOYMENT_TARGET = 10.8;
			};
			name = Release;
		};
		D0BB249C1678772C005E9371 /* Debug */ = {
			isa = XCBuildConfiguration;
			baseConfigurationReference = D0BB24B81678789A005E9371 /* Mac-Framework.xcconfig */;
			buildSettings = {
				DYLIB_COMPATIBILITY_VERSION = 1;
				DYLIB_CURRENT_VERSION = 1;
				FRAMEWORK_VERSION = A;
				GCC_PREFIX_HEADER = "ReactiveCocoaLayout/ReactiveCocoaLayout-Prefix.pch";
				INFOPLIST_FILE = "ReactiveCocoaLayout/ReactiveCocoaLayout-Info.plist";
				PRODUCT_NAME = "$(TARGET_NAME)";
				WRAPPER_EXTENSION = framework;
			};
			name = Debug;
		};
		D0BB249D1678772C005E9371 /* Release */ = {
			isa = XCBuildConfiguration;
			baseConfigurationReference = D0BB24B81678789A005E9371 /* Mac-Framework.xcconfig */;
			buildSettings = {
				DYLIB_COMPATIBILITY_VERSION = 1;
				DYLIB_CURRENT_VERSION = 1;
				FRAMEWORK_VERSION = A;
				GCC_PREFIX_HEADER = "ReactiveCocoaLayout/ReactiveCocoaLayout-Prefix.pch";
				INFOPLIST_FILE = "ReactiveCocoaLayout/ReactiveCocoaLayout-Info.plist";
				PRODUCT_NAME = "$(TARGET_NAME)";
				WRAPPER_EXTENSION = framework;
			};
			name = Release;
		};
		D0BB249F1678772C005E9371 /* Debug */ = {
			isa = XCBuildConfiguration;
			baseConfigurationReference = D0BB24B51678789A005E9371 /* Mac-Application.xcconfig */;
			buildSettings = {
				FRAMEWORK_SEARCH_PATHS = "\"$(DEVELOPER_LIBRARY_DIR)/Frameworks\"";
				GCC_PREFIX_HEADER = "ReactiveCocoaLayout/ReactiveCocoaLayout-Prefix.pch";
				INFOPLIST_FILE = "ReactiveCocoaLayoutTests/ReactiveCocoaLayoutTests-Info.plist";
				PRODUCT_NAME = "$(TARGET_NAME)";
				WRAPPER_EXTENSION = octest;
			};
			name = Debug;
		};
		D0BB24A01678772C005E9371 /* Release */ = {
			isa = XCBuildConfiguration;
			baseConfigurationReference = D0BB24B51678789A005E9371 /* Mac-Application.xcconfig */;
			buildSettings = {
				FRAMEWORK_SEARCH_PATHS = "\"$(DEVELOPER_LIBRARY_DIR)/Frameworks\"";
				GCC_PREFIX_HEADER = "ReactiveCocoaLayout/ReactiveCocoaLayout-Prefix.pch";
				INFOPLIST_FILE = "ReactiveCocoaLayoutTests/ReactiveCocoaLayoutTests-Info.plist";
				PRODUCT_NAME = "$(TARGET_NAME)";
				WRAPPER_EXTENSION = octest;
			};
			name = Release;
		};
/* End XCBuildConfiguration section */

/* Begin XCConfigurationList section */
		D0BB246A1678772C005E9371 /* Build configuration list for PBXProject "ReactiveCocoaLayout" */ = {
			isa = XCConfigurationList;
			buildConfigurations = (
				D0BB24991678772C005E9371 /* Debug */,
				D0BB249A1678772C005E9371 /* Release */,
			);
			defaultConfigurationIsVisible = 0;
			defaultConfigurationName = Release;
		};
		D0BB249B1678772C005E9371 /* Build configuration list for PBXNativeTarget "ReactiveCocoaLayout" */ = {
			isa = XCConfigurationList;
			buildConfigurations = (
				D0BB249C1678772C005E9371 /* Debug */,
				D0BB249D1678772C005E9371 /* Release */,
			);
			defaultConfigurationIsVisible = 0;
			defaultConfigurationName = Release;
		};
		D0BB249E1678772C005E9371 /* Build configuration list for PBXNativeTarget "ReactiveCocoaLayoutTests" */ = {
			isa = XCConfigurationList;
			buildConfigurations = (
				D0BB249F1678772C005E9371 /* Debug */,
				D0BB24A01678772C005E9371 /* Release */,
			);
			defaultConfigurationIsVisible = 0;
			defaultConfigurationName = Release;
		};
/* End XCConfigurationList section */
	};
	rootObject = D0BB24671678772C005E9371 /* Project object */;
}
