// !$*UTF8*$!
{
	archiveVersion = 1;
	classes = {
	};
	objectVersion = 46;
	objects = {

/* Begin PBXBuildFile section */
		D06269EE1679440C00E951A5 /* Foundation.framework in Frameworks */ = {isa = PBXBuildFile; fileRef = D0BB24791678772C005E9371 /* Foundation.framework */; };
		D06269FC1679440D00E951A5 /* SenTestingKit.framework in Frameworks */ = {isa = PBXBuildFile; fileRef = D0BB248A1678772C005E9371 /* SenTestingKit.framework */; };
		D06269FF1679440D00E951A5 /* Foundation.framework in Frameworks */ = {isa = PBXBuildFile; fileRef = D0BB24791678772C005E9371 /* Foundation.framework */; };
		D0626A021679440D00E951A5 /* libReactiveCocoaLayout iOS.a in Frameworks */ = {isa = PBXBuildFile; fileRef = D06269ED1679440C00E951A5 /* libReactiveCocoaLayout iOS.a */; };
		D0626A3A167944CF00E951A5 /* UIKit.framework in Frameworks */ = {isa = PBXBuildFile; fileRef = D0626A39167944CF00E951A5 /* UIKit.framework */; };
		D0626A3C167944DA00E951A5 /* libReactiveCocoa-iOS.a in Frameworks */ = {isa = PBXBuildFile; fileRef = D0BB24CF16787923005E9371 /* libReactiveCocoa-iOS.a */; };
		D0626A3D167944E800E951A5 /* RACSignal+RCLSignalAdditions.m in Sources */ = {isa = PBXBuildFile; fileRef = D0BB2631167887C3005E9371 /* RACSignal+RCLSignalAdditions.m */; };
		D0626A3E167944E900E951A5 /* RCLSignal.m in Sources */ = {isa = PBXBuildFile; fileRef = D0BB24E816787A01005E9371 /* RCLSignal.m */; };
		D0626A3F167944EC00E951A5 /* EXTConcreteProtocol.m in Sources */ = {isa = PBXBuildFile; fileRef = D0BB268D16788866005E9371 /* EXTConcreteProtocol.m */; };
		D0626A40167944EE00E951A5 /* EXTRuntimeExtensions.m in Sources */ = {isa = PBXBuildFile; fileRef = D0BB268F16788866005E9371 /* EXTRuntimeExtensions.m */; };
		D06C9E48167D888100276090 /* libExpecta.a in Frameworks */ = {isa = PBXBuildFile; fileRef = D06C9E31167D886A00276090 /* libExpecta.a */; };
		D06C9E49167D888100276090 /* libSpecta.a in Frameworks */ = {isa = PBXBuildFile; fileRef = D06C9E3D167D886A00276090 /* libSpecta.a */; };
		D06C9E4E167D888B00276090 /* libExpecta-iOS.a in Frameworks */ = {isa = PBXBuildFile; fileRef = D06C9E33167D886A00276090 /* libExpecta-iOS.a */; };
		D06C9E4F167D888B00276090 /* libSpecta-iOS.a in Frameworks */ = {isa = PBXBuildFile; fileRef = D06C9E3F167D886A00276090 /* libSpecta-iOS.a */; };
		D06C9E53167D896000276090 /* RACSignalRCLSignalAdditionsSpec.m in Sources */ = {isa = PBXBuildFile; fileRef = D06C9E52167D896000276090 /* RACSignalRCLSignalAdditionsSpec.m */; };
		D06C9E54167D896000276090 /* RACSignalRCLSignalAdditionsSpec.m in Sources */ = {isa = PBXBuildFile; fileRef = D06C9E52167D896000276090 /* RACSignalRCLSignalAdditionsSpec.m */; };
		D06C9E55167D89B500276090 /* ReactiveCocoa.framework in Frameworks */ = {isa = PBXBuildFile; fileRef = D0BB24CD16787923005E9371 /* ReactiveCocoa.framework */; };
		D06C9E57167D89BE00276090 /* UIKit.framework in Frameworks */ = {isa = PBXBuildFile; fileRef = D0626A39167944CF00E951A5 /* UIKit.framework */; };
		D06C9E59167D89DB00276090 /* CoreGraphics.framework in Frameworks */ = {isa = PBXBuildFile; fileRef = D06C9E58167D89DB00276090 /* CoreGraphics.framework */; };
		D0BB24751678772C005E9371 /* Cocoa.framework in Frameworks */ = {isa = PBXBuildFile; fileRef = D0BB24741678772C005E9371 /* Cocoa.framework */; };
		D0BB247F1678772C005E9371 /* InfoPlist.strings in Resources */ = {isa = PBXBuildFile; fileRef = D0BB247D1678772C005E9371 /* InfoPlist.strings */; };
		D0BB248B1678772C005E9371 /* SenTestingKit.framework in Frameworks */ = {isa = PBXBuildFile; fileRef = D0BB248A1678772C005E9371 /* SenTestingKit.framework */; };
		D0BB248C1678772C005E9371 /* Cocoa.framework in Frameworks */ = {isa = PBXBuildFile; fileRef = D0BB24741678772C005E9371 /* Cocoa.framework */; };
		D0BB248F1678772C005E9371 /* ReactiveCocoaLayout.framework in Frameworks */ = {isa = PBXBuildFile; fileRef = D0BB24711678772C005E9371 /* ReactiveCocoaLayout.framework */; };
		D0BB24951678772C005E9371 /* InfoPlist.strings in Resources */ = {isa = PBXBuildFile; fileRef = D0BB24931678772C005E9371 /* InfoPlist.strings */; };
		D0BB24DC16787938005E9371 /* ReactiveCocoa.framework in Frameworks */ = {isa = PBXBuildFile; fileRef = D0BB24CD16787923005E9371 /* ReactiveCocoa.framework */; };
		D0BB24DD167879A3005E9371 /* ReactiveCocoaLayout.h in Headers */ = {isa = PBXBuildFile; fileRef = D0BB24811678772C005E9371 /* ReactiveCocoaLayout.h */; settings = {ATTRIBUTES = (Public, ); }; };
		D0BB24E5167879DA005E9371 /* metamacros.h in Headers */ = {isa = PBXBuildFile; fileRef = D0BB24E0167879CA005E9371 /* metamacros.h */; settings = {ATTRIBUTES = (Public, ); }; };
		D0BB24E916787A01005E9371 /* RCLSignal.h in Headers */ = {isa = PBXBuildFile; fileRef = D0BB24E716787A01005E9371 /* RCLSignal.h */; settings = {ATTRIBUTES = (Public, ); }; };
		D0BB24EA16787A01005E9371 /* RCLSignal.m in Sources */ = {isa = PBXBuildFile; fileRef = D0BB24E816787A01005E9371 /* RCLSignal.m */; };
		D0BB25A9167880BC005E9371 /* libArchimedes-Mac.a in Frameworks */ = {isa = PBXBuildFile; fileRef = D0BB257E1678809D005E9371 /* libArchimedes-Mac.a */; };
		D0BB25E01678847A005E9371 /* NSView+RCLObservationAdditions.h in Headers */ = {isa = PBXBuildFile; fileRef = D0BB25DE1678847A005E9371 /* NSView+RCLObservationAdditions.h */; settings = {ATTRIBUTES = (Public, ); }; };
		D0BB25E11678847A005E9371 /* NSView+RCLObservationAdditions.m in Sources */ = {isa = PBXBuildFile; fileRef = D0BB25DF1678847A005E9371 /* NSView+RCLObservationAdditions.m */; };
		D0BB25EB16788579005E9371 /* NSNotificationCenter+RACSupport.m in Sources */ = {isa = PBXBuildFile; fileRef = D0BB25E916788579005E9371 /* NSNotificationCenter+RACSupport.m */; };
		D0BB2632167887C3005E9371 /* RACSignal+RCLSignalAdditions.h in Headers */ = {isa = PBXBuildFile; fileRef = D0BB2630167887C3005E9371 /* RACSignal+RCLSignalAdditions.h */; settings = {ATTRIBUTES = (Public, ); }; };
		D0BB2633167887C3005E9371 /* RACSignal+RCLSignalAdditions.m in Sources */ = {isa = PBXBuildFile; fileRef = D0BB2631167887C3005E9371 /* RACSignal+RCLSignalAdditions.m */; };
		D0BB269016788866005E9371 /* EXTConcreteProtocol.h in Headers */ = {isa = PBXBuildFile; fileRef = D0BB268C16788866005E9371 /* EXTConcreteProtocol.h */; settings = {ATTRIBUTES = (Public, ); }; };
		D0BB269116788866005E9371 /* EXTConcreteProtocol.m in Sources */ = {isa = PBXBuildFile; fileRef = D0BB268D16788866005E9371 /* EXTConcreteProtocol.m */; };
		D0BB269316788866005E9371 /* EXTRuntimeExtensions.m in Sources */ = {isa = PBXBuildFile; fileRef = D0BB268F16788866005E9371 /* EXTRuntimeExtensions.m */; };
		D0FD5A0C1679DFA8003C3210 /* libArchimedes-iOS.a in Frameworks */ = {isa = PBXBuildFile; fileRef = D0BB25821678809D005E9371 /* libArchimedes-iOS.a */; };
		D0FD5A981679E7AF003C3210 /* UIView+RCLObservationAdditions.m in Sources */ = {isa = PBXBuildFile; fileRef = D0FD5A971679E7AF003C3210 /* UIView+RCLObservationAdditions.m */; };
/* End PBXBuildFile section */

/* Begin PBXContainerItemProxy section */
		D0626A001679440D00E951A5 /* PBXContainerItemProxy */ = {
			isa = PBXContainerItemProxy;
			containerPortal = D0BB24671678772C005E9371 /* Project object */;
			proxyType = 1;
			remoteGlobalIDString = D06269EC1679440C00E951A5;
			remoteInfo = ReactiveCocoaLayout;
		};
		D0626A33167944B700E951A5 /* PBXContainerItemProxy */ = {
			isa = PBXContainerItemProxy;
			containerPortal = D0BB24BB16787923005E9371 /* ReactiveCocoa.xcodeproj */;
			proxyType = 1;
			remoteGlobalIDString = 88F440AA153DAC820097B4C3;
			remoteInfo = "ReactiveCocoa-iOS";
		};
		D0626A35167944B900E951A5 /* PBXContainerItemProxy */ = {
			isa = PBXContainerItemProxy;
			containerPortal = D0BB25711678809C005E9371 /* Archimedes.xcodeproj */;
			proxyType = 1;
			remoteGlobalIDString = D02FAF8E1635DFD8008D42D9;
			remoteInfo = "Archimedes iOS";
		};
		D06C9E30167D886A00276090 /* PBXContainerItemProxy */ = {
			isa = PBXContainerItemProxy;
			containerPortal = D06C9E26167D886A00276090 /* Expecta.xcodeproj */;
			proxyType = 2;
			remoteGlobalIDString = E9ACDF0C13B2DD520010F4D7;
			remoteInfo = Expecta;
		};
		D06C9E32167D886A00276090 /* PBXContainerItemProxy */ = {
			isa = PBXContainerItemProxy;
			containerPortal = D06C9E26167D886A00276090 /* Expecta.xcodeproj */;
			proxyType = 2;
			remoteGlobalIDString = E93067CE13B2E6D100EA26FF;
			remoteInfo = "Expecta-iOS";
		};
		D06C9E34167D886A00276090 /* PBXContainerItemProxy */ = {
			isa = PBXContainerItemProxy;
			containerPortal = D06C9E26167D886A00276090 /* Expecta.xcodeproj */;
			proxyType = 2;
			remoteGlobalIDString = E9ACDF1D13B2DD520010F4D7;
			remoteInfo = ExpectaTests;
		};
		D06C9E36167D886A00276090 /* PBXContainerItemProxy */ = {
			isa = PBXContainerItemProxy;
			containerPortal = D06C9E26167D886A00276090 /* Expecta.xcodeproj */;
			proxyType = 2;
			remoteGlobalIDString = E93067DA13B2E6D100EA26FF;
			remoteInfo = "Expecta-iOSTests";
		};
		D06C9E3C167D886A00276090 /* PBXContainerItemProxy */ = {
			isa = PBXContainerItemProxy;
			containerPortal = D06C9E29167D886A00276090 /* Specta.xcodeproj */;
			proxyType = 2;
			remoteGlobalIDString = E9D96A2614B6B8AB007D9521;
			remoteInfo = Specta;
		};
		D06C9E3E167D886A00276090 /* PBXContainerItemProxy */ = {
			isa = PBXContainerItemProxy;
			containerPortal = D06C9E29167D886A00276090 /* Specta.xcodeproj */;
			proxyType = 2;
			remoteGlobalIDString = E9B777A414BA294B00D8DC76;
			remoteInfo = "Specta-iOS";
		};
		D06C9E40167D886A00276090 /* PBXContainerItemProxy */ = {
			isa = PBXContainerItemProxy;
			containerPortal = D06C9E29167D886A00276090 /* Specta.xcodeproj */;
			proxyType = 2;
			remoteGlobalIDString = E9D96A3A14B6B8AB007D9521;
			remoteInfo = SpectaTests;
		};
		D06C9E42167D886A00276090 /* PBXContainerItemProxy */ = {
			isa = PBXContainerItemProxy;
			containerPortal = D06C9E29167D886A00276090 /* Specta.xcodeproj */;
			proxyType = 2;
			remoteGlobalIDString = E9B777B314BA294C00D8DC76;
			remoteInfo = "Specta-iOSTests";
		};
		D06C9E44167D887400276090 /* PBXContainerItemProxy */ = {
			isa = PBXContainerItemProxy;
			containerPortal = D06C9E29167D886A00276090 /* Specta.xcodeproj */;
			proxyType = 1;
			remoteGlobalIDString = E9D96A2514B6B8AB007D9521;
			remoteInfo = Specta;
		};
		D06C9E46167D887400276090 /* PBXContainerItemProxy */ = {
			isa = PBXContainerItemProxy;
			containerPortal = D06C9E26167D886A00276090 /* Expecta.xcodeproj */;
			proxyType = 1;
			remoteGlobalIDString = E9ACDF0B13B2DD520010F4D7;
			remoteInfo = Expecta;
		};
		D06C9E4A167D888700276090 /* PBXContainerItemProxy */ = {
			isa = PBXContainerItemProxy;
			containerPortal = D06C9E29167D886A00276090 /* Specta.xcodeproj */;
			proxyType = 1;
			remoteGlobalIDString = E9B777A314BA294B00D8DC76;
			remoteInfo = "Specta-iOS";
		};
		D06C9E4C167D888700276090 /* PBXContainerItemProxy */ = {
			isa = PBXContainerItemProxy;
			containerPortal = D06C9E26167D886A00276090 /* Expecta.xcodeproj */;
			proxyType = 1;
			remoteGlobalIDString = E93067CD13B2E6D100EA26FF;
			remoteInfo = "Expecta-iOS";
		};
		D0BB248D1678772C005E9371 /* PBXContainerItemProxy */ = {
			isa = PBXContainerItemProxy;
			containerPortal = D0BB24671678772C005E9371 /* Project object */;
			proxyType = 1;
			remoteGlobalIDString = D0BB24701678772C005E9371;
			remoteInfo = ReactiveCocoaLayout;
		};
		D0BB24CC16787923005E9371 /* PBXContainerItemProxy */ = {
			isa = PBXContainerItemProxy;
			containerPortal = D0BB24BB16787923005E9371 /* ReactiveCocoa.xcodeproj */;
			proxyType = 2;
			remoteGlobalIDString = 88037F8315056328001A5B19;
			remoteInfo = ReactiveCocoa;
		};
		D0BB24CE16787923005E9371 /* PBXContainerItemProxy */ = {
			isa = PBXContainerItemProxy;
			containerPortal = D0BB24BB16787923005E9371 /* ReactiveCocoa.xcodeproj */;
			proxyType = 2;
			remoteGlobalIDString = 88F440AB153DAC820097B4C3;
			remoteInfo = "ReactiveCocoa-iOS";
		};
		D0BB24D016787923005E9371 /* PBXContainerItemProxy */ = {
			isa = PBXContainerItemProxy;
			containerPortal = D0BB24BB16787923005E9371 /* ReactiveCocoa.xcodeproj */;
			proxyType = 2;
			remoteGlobalIDString = 88CDF7DC15000FCF00163A9F;
			remoteInfo = ReactiveCocoaTests;
		};
		D0BB24DA16787933005E9371 /* PBXContainerItemProxy */ = {
			isa = PBXContainerItemProxy;
			containerPortal = D0BB24BB16787923005E9371 /* ReactiveCocoa.xcodeproj */;
			proxyType = 1;
			remoteGlobalIDString = 88037F8215056328001A5B19;
			remoteInfo = ReactiveCocoa;
		};
		D0BB257D1678809D005E9371 /* PBXContainerItemProxy */ = {
			isa = PBXContainerItemProxy;
			containerPortal = D0BB25711678809C005E9371 /* Archimedes.xcodeproj */;
			proxyType = 2;
			remoteGlobalIDString = D02FAED91635DDC0008D42D9;
			remoteInfo = "Archimedes Mac";
		};
		D0BB257F1678809D005E9371 /* PBXContainerItemProxy */ = {
			isa = PBXContainerItemProxy;
			containerPortal = D0BB25711678809C005E9371 /* Archimedes.xcodeproj */;
			proxyType = 2;
			remoteGlobalIDString = D02FAEED1635DDC0008D42D9;
			remoteInfo = "Archimedes Mac Tests";
		};
		D0BB25811678809D005E9371 /* PBXContainerItemProxy */ = {
			isa = PBXContainerItemProxy;
			containerPortal = D0BB25711678809C005E9371 /* Archimedes.xcodeproj */;
			proxyType = 2;
			remoteGlobalIDString = D02FAF8F1635DFD8008D42D9;
			remoteInfo = "Archimedes iOS";
		};
		D0BB25831678809D005E9371 /* PBXContainerItemProxy */ = {
			isa = PBXContainerItemProxy;
			containerPortal = D0BB25711678809C005E9371 /* Archimedes.xcodeproj */;
			proxyType = 2;
			remoteGlobalIDString = D02FAF9D1635DFD9008D42D9;
			remoteInfo = "Archimedes iOS Tests";
		};
		D0BB25A7167880B2005E9371 /* PBXContainerItemProxy */ = {
			isa = PBXContainerItemProxy;
			containerPortal = D0BB25711678809C005E9371 /* Archimedes.xcodeproj */;
			proxyType = 1;
			remoteGlobalIDString = D02FAED81635DDC0008D42D9;
			remoteInfo = "Archimedes Mac";
		};
/* End PBXContainerItemProxy section */

/* Begin PBXCopyFilesBuildPhase section */
		D06269EB1679440C00E951A5 /* CopyFiles */ = {
			isa = PBXCopyFilesBuildPhase;
			buildActionMask = 2147483647;
			dstPath = "include/${PRODUCT_NAME}";
			dstSubfolderSpec = 16;
			files = (
			);
			runOnlyForDeploymentPostprocessing = 0;
		};
/* End PBXCopyFilesBuildPhase section */

/* Begin PBXFileReference section */
		D06269ED1679440C00E951A5 /* libReactiveCocoaLayout iOS.a */ = {isa = PBXFileReference; explicitFileType = archive.ar; includeInIndex = 0; path = "libReactiveCocoaLayout iOS.a"; sourceTree = BUILT_PRODUCTS_DIR; };
		D06269FB1679440C00E951A5 /* ReactiveCocoaLayout iOS Tests.octest */ = {isa = PBXFileReference; explicitFileType = wrapper.cfbundle; includeInIndex = 0; path = "ReactiveCocoaLayout iOS Tests.octest"; sourceTree = BUILT_PRODUCTS_DIR; };
		D0626A39167944CF00E951A5 /* UIKit.framework */ = {isa = PBXFileReference; lastKnownFileType = wrapper.framework; name = UIKit.framework; path = Platforms/iPhoneOS.platform/Developer/SDKs/iPhoneOS6.0.sdk/System/Library/Frameworks/UIKit.framework; sourceTree = DEVELOPER_DIR; };
		D06C9E26167D886A00276090 /* Expecta.xcodeproj */ = {isa = PBXFileReference; lastKnownFileType = "wrapper.pb-project"; name = Expecta.xcodeproj; path = External/ReactiveCocoa/external/expecta/Expecta.xcodeproj; sourceTree = "<group>"; };
		D06C9E29167D886A00276090 /* Specta.xcodeproj */ = {isa = PBXFileReference; lastKnownFileType = "wrapper.pb-project"; name = Specta.xcodeproj; path = External/ReactiveCocoa/external/specta/Specta.xcodeproj; sourceTree = "<group>"; };
		D06C9E50167D88B000276090 /* ReactiveCocoaLayoutTests-Prefix.pch */ = {isa = PBXFileReference; lastKnownFileType = sourcecode.c.h; path = "ReactiveCocoaLayoutTests-Prefix.pch"; sourceTree = "<group>"; };
		D06C9E52167D896000276090 /* RACSignalRCLSignalAdditionsSpec.m */ = {isa = PBXFileReference; fileEncoding = 4; lastKnownFileType = sourcecode.c.objc; path = RACSignalRCLSignalAdditionsSpec.m; sourceTree = "<group>"; };
		D06C9E58167D89DB00276090 /* CoreGraphics.framework */ = {isa = PBXFileReference; lastKnownFileType = wrapper.framework; name = CoreGraphics.framework; path = Platforms/iPhoneOS.platform/Developer/SDKs/iPhoneOS6.0.sdk/System/Library/Frameworks/CoreGraphics.framework; sourceTree = DEVELOPER_DIR; };
		D0BB24711678772C005E9371 /* ReactiveCocoaLayout.framework */ = {isa = PBXFileReference; explicitFileType = wrapper.framework; includeInIndex = 0; path = ReactiveCocoaLayout.framework; sourceTree = BUILT_PRODUCTS_DIR; };
		D0BB24741678772C005E9371 /* Cocoa.framework */ = {isa = PBXFileReference; lastKnownFileType = wrapper.framework; name = Cocoa.framework; path = System/Library/Frameworks/Cocoa.framework; sourceTree = SDKROOT; };
		D0BB24771678772C005E9371 /* AppKit.framework */ = {isa = PBXFileReference; lastKnownFileType = wrapper.framework; name = AppKit.framework; path = System/Library/Frameworks/AppKit.framework; sourceTree = SDKROOT; };
		D0BB24791678772C005E9371 /* Foundation.framework */ = {isa = PBXFileReference; lastKnownFileType = wrapper.framework; name = Foundation.framework; path = System/Library/Frameworks/Foundation.framework; sourceTree = SDKROOT; };
		D0BB247C1678772C005E9371 /* ReactiveCocoaLayout-Info.plist */ = {isa = PBXFileReference; lastKnownFileType = text.plist.xml; path = "ReactiveCocoaLayout-Info.plist"; sourceTree = "<group>"; };
		D0BB247E1678772C005E9371 /* en */ = {isa = PBXFileReference; lastKnownFileType = text.plist.strings; name = en; path = en.lproj/InfoPlist.strings; sourceTree = "<group>"; };
		D0BB24801678772C005E9371 /* ReactiveCocoaLayout-Prefix.pch */ = {isa = PBXFileReference; lastKnownFileType = sourcecode.c.h; path = "ReactiveCocoaLayout-Prefix.pch"; sourceTree = "<group>"; };
		D0BB24811678772C005E9371 /* ReactiveCocoaLayout.h */ = {isa = PBXFileReference; lastKnownFileType = sourcecode.c.h; path = ReactiveCocoaLayout.h; sourceTree = "<group>"; };
		D0BB24891678772C005E9371 /* ReactiveCocoaLayout Mac Tests.octest */ = {isa = PBXFileReference; explicitFileType = wrapper.cfbundle; includeInIndex = 0; path = "ReactiveCocoaLayout Mac Tests.octest"; sourceTree = BUILT_PRODUCTS_DIR; };
		D0BB248A1678772C005E9371 /* SenTestingKit.framework */ = {isa = PBXFileReference; lastKnownFileType = wrapper.framework; name = SenTestingKit.framework; path = Library/Frameworks/SenTestingKit.framework; sourceTree = DEVELOPER_DIR; };
		D0BB24921678772C005E9371 /* ReactiveCocoaLayoutTests-Info.plist */ = {isa = PBXFileReference; lastKnownFileType = text.plist.xml; path = "ReactiveCocoaLayoutTests-Info.plist"; sourceTree = "<group>"; };
		D0BB24941678772C005E9371 /* en */ = {isa = PBXFileReference; lastKnownFileType = text.plist.strings; name = en; path = en.lproj/InfoPlist.strings; sourceTree = "<group>"; };
		D0BB24A81678789A005E9371 /* Common.xcconfig */ = {isa = PBXFileReference; lastKnownFileType = text.xcconfig; path = Common.xcconfig; sourceTree = "<group>"; };
		D0BB24AA1678789A005E9371 /* Debug.xcconfig */ = {isa = PBXFileReference; lastKnownFileType = text.xcconfig; path = Debug.xcconfig; sourceTree = "<group>"; };
		D0BB24AB1678789A005E9371 /* Profile.xcconfig */ = {isa = PBXFileReference; lastKnownFileType = text.xcconfig; path = Profile.xcconfig; sourceTree = "<group>"; };
		D0BB24AC1678789A005E9371 /* Release.xcconfig */ = {isa = PBXFileReference; lastKnownFileType = text.xcconfig; path = Release.xcconfig; sourceTree = "<group>"; };
		D0BB24AE1678789A005E9371 /* Application.xcconfig */ = {isa = PBXFileReference; lastKnownFileType = text.xcconfig; path = Application.xcconfig; sourceTree = "<group>"; };
		D0BB24AF1678789A005E9371 /* StaticLibrary.xcconfig */ = {isa = PBXFileReference; lastKnownFileType = text.xcconfig; path = StaticLibrary.xcconfig; sourceTree = "<group>"; };
		D0BB24B11678789A005E9371 /* iOS-Application.xcconfig */ = {isa = PBXFileReference; lastKnownFileType = text.xcconfig; path = "iOS-Application.xcconfig"; sourceTree = "<group>"; };
		D0BB24B21678789A005E9371 /* iOS-Base.xcconfig */ = {isa = PBXFileReference; lastKnownFileType = text.xcconfig; path = "iOS-Base.xcconfig"; sourceTree = "<group>"; };
		D0BB24B31678789A005E9371 /* iOS-StaticLibrary.xcconfig */ = {isa = PBXFileReference; lastKnownFileType = text.xcconfig; path = "iOS-StaticLibrary.xcconfig"; sourceTree = "<group>"; };
		D0BB24B51678789A005E9371 /* Mac-Application.xcconfig */ = {isa = PBXFileReference; lastKnownFileType = text.xcconfig; path = "Mac-Application.xcconfig"; sourceTree = "<group>"; };
		D0BB24B61678789A005E9371 /* Mac-Base.xcconfig */ = {isa = PBXFileReference; lastKnownFileType = text.xcconfig; path = "Mac-Base.xcconfig"; sourceTree = "<group>"; };
		D0BB24B71678789A005E9371 /* Mac-DynamicLibrary.xcconfig */ = {isa = PBXFileReference; lastKnownFileType = text.xcconfig; path = "Mac-DynamicLibrary.xcconfig"; sourceTree = "<group>"; };
		D0BB24B81678789A005E9371 /* Mac-Framework.xcconfig */ = {isa = PBXFileReference; lastKnownFileType = text.xcconfig; path = "Mac-Framework.xcconfig"; sourceTree = "<group>"; };
		D0BB24B91678789A005E9371 /* Mac-StaticLibrary.xcconfig */ = {isa = PBXFileReference; lastKnownFileType = text.xcconfig; path = "Mac-StaticLibrary.xcconfig"; sourceTree = "<group>"; };
		D0BB24BA1678789A005E9371 /* README.md */ = {isa = PBXFileReference; lastKnownFileType = text; path = README.md; sourceTree = "<group>"; };
		D0BB24BB16787923005E9371 /* ReactiveCocoa.xcodeproj */ = {isa = PBXFileReference; lastKnownFileType = "wrapper.pb-project"; name = ReactiveCocoa.xcodeproj; path = External/ReactiveCocoa/ReactiveCocoaFramework/ReactiveCocoa.xcodeproj; sourceTree = "<group>"; };
		D0BB24E0167879CA005E9371 /* metamacros.h */ = {isa = PBXFileReference; fileEncoding = 4; lastKnownFileType = sourcecode.c.h; name = metamacros.h; path = External/ReactiveCocoa/ReactiveCocoaFramework/ReactiveCocoa/libextobjc/extobjc/metamacros.h; sourceTree = "<group>"; };
		D0BB24E716787A01005E9371 /* RCLSignal.h */ = {isa = PBXFileReference; fileEncoding = 4; lastKnownFileType = sourcecode.c.h; path = RCLSignal.h; sourceTree = "<group>"; };
		D0BB24E816787A01005E9371 /* RCLSignal.m */ = {isa = PBXFileReference; fileEncoding = 4; lastKnownFileType = sourcecode.c.objc; path = RCLSignal.m; sourceTree = "<group>"; };
		D0BB25711678809C005E9371 /* Archimedes.xcodeproj */ = {isa = PBXFileReference; lastKnownFileType = "wrapper.pb-project"; name = Archimedes.xcodeproj; path = External/Archimedes/Archimedes.xcodeproj; sourceTree = "<group>"; };
		D0BB25DE1678847A005E9371 /* NSView+RCLObservationAdditions.h */ = {isa = PBXFileReference; fileEncoding = 4; lastKnownFileType = sourcecode.c.h; path = "NSView+RCLObservationAdditions.h"; sourceTree = "<group>"; };
		D0BB25DF1678847A005E9371 /* NSView+RCLObservationAdditions.m */ = {isa = PBXFileReference; fileEncoding = 4; lastKnownFileType = sourcecode.c.objc; path = "NSView+RCLObservationAdditions.m"; sourceTree = "<group>"; };
		D0BB25E816788579005E9371 /* NSNotificationCenter+RACSupport.h */ = {isa = PBXFileReference; fileEncoding = 4; lastKnownFileType = sourcecode.c.h; name = "NSNotificationCenter+RACSupport.h"; path = "External/ReactiveCocoa/RACExtensions/NSNotificationCenter+RACSupport.h"; sourceTree = "<group>"; };
		D0BB25E916788579005E9371 /* NSNotificationCenter+RACSupport.m */ = {isa = PBXFileReference; fileEncoding = 4; lastKnownFileType = sourcecode.c.objc; name = "NSNotificationCenter+RACSupport.m"; path = "External/ReactiveCocoa/RACExtensions/NSNotificationCenter+RACSupport.m"; sourceTree = "<group>"; };
		D0BB2630167887C3005E9371 /* RACSignal+RCLSignalAdditions.h */ = {isa = PBXFileReference; fileEncoding = 4; lastKnownFileType = sourcecode.c.h; path = "RACSignal+RCLSignalAdditions.h"; sourceTree = "<group>"; };
		D0BB2631167887C3005E9371 /* RACSignal+RCLSignalAdditions.m */ = {isa = PBXFileReference; fileEncoding = 4; lastKnownFileType = sourcecode.c.objc; path = "RACSignal+RCLSignalAdditions.m"; sourceTree = "<group>"; };
		D0BB268C16788866005E9371 /* EXTConcreteProtocol.h */ = {isa = PBXFileReference; fileEncoding = 4; lastKnownFileType = sourcecode.c.h; name = EXTConcreteProtocol.h; path = External/ReactiveCocoa/ReactiveCocoaFramework/ReactiveCocoa/libextobjc/extobjc/EXTConcreteProtocol.h; sourceTree = "<group>"; };
		D0BB268D16788866005E9371 /* EXTConcreteProtocol.m */ = {isa = PBXFileReference; fileEncoding = 4; lastKnownFileType = sourcecode.c.objc; name = EXTConcreteProtocol.m; path = External/ReactiveCocoa/ReactiveCocoaFramework/ReactiveCocoa/libextobjc/extobjc/EXTConcreteProtocol.m; sourceTree = "<group>"; };
		D0BB268E16788866005E9371 /* EXTRuntimeExtensions.h */ = {isa = PBXFileReference; fileEncoding = 4; lastKnownFileType = sourcecode.c.h; name = EXTRuntimeExtensions.h; path = External/ReactiveCocoa/ReactiveCocoaFramework/ReactiveCocoa/libextobjc/extobjc/EXTRuntimeExtensions.h; sourceTree = "<group>"; };
		D0BB268F16788866005E9371 /* EXTRuntimeExtensions.m */ = {isa = PBXFileReference; fileEncoding = 4; lastKnownFileType = sourcecode.c.objc; name = EXTRuntimeExtensions.m; path = External/ReactiveCocoa/ReactiveCocoaFramework/ReactiveCocoa/libextobjc/extobjc/EXTRuntimeExtensions.m; sourceTree = "<group>"; };
		D0FD5A961679E7AF003C3210 /* UIView+RCLObservationAdditions.h */ = {isa = PBXFileReference; fileEncoding = 4; lastKnownFileType = sourcecode.c.h; path = "UIView+RCLObservationAdditions.h"; sourceTree = "<group>"; };
		D0FD5A971679E7AF003C3210 /* UIView+RCLObservationAdditions.m */ = {isa = PBXFileReference; fileEncoding = 4; lastKnownFileType = sourcecode.c.objc; path = "UIView+RCLObservationAdditions.m"; sourceTree = "<group>"; };
/* End PBXFileReference section */

/* Begin PBXFrameworksBuildPhase section */
		D06269EA1679440C00E951A5 /* Frameworks */ = {
			isa = PBXFrameworksBuildPhase;
			buildActionMask = 2147483647;
			files = (
				D0FD5A0C1679DFA8003C3210 /* libArchimedes-iOS.a in Frameworks */,
				D0626A3C167944DA00E951A5 /* libReactiveCocoa-iOS.a in Frameworks */,
				D0626A3A167944CF00E951A5 /* UIKit.framework in Frameworks */,
				D06269EE1679440C00E951A5 /* Foundation.framework in Frameworks */,
			);
			runOnlyForDeploymentPostprocessing = 0;
		};
		D06269F71679440C00E951A5 /* Frameworks */ = {
			isa = PBXFrameworksBuildPhase;
			buildActionMask = 2147483647;
			files = (
				D06C9E59167D89DB00276090 /* CoreGraphics.framework in Frameworks */,
				D06269FC1679440D00E951A5 /* SenTestingKit.framework in Frameworks */,
				D06269FF1679440D00E951A5 /* Foundation.framework in Frameworks */,
				D0626A021679440D00E951A5 /* libReactiveCocoaLayout iOS.a in Frameworks */,
				D06C9E4E167D888B00276090 /* libExpecta-iOS.a in Frameworks */,
				D06C9E4F167D888B00276090 /* libSpecta-iOS.a in Frameworks */,
				D06C9E57167D89BE00276090 /* UIKit.framework in Frameworks */,
			);
			runOnlyForDeploymentPostprocessing = 0;
		};
		D0BB246D1678772C005E9371 /* Frameworks */ = {
			isa = PBXFrameworksBuildPhase;
			buildActionMask = 2147483647;
			files = (
				D0BB25A9167880BC005E9371 /* libArchimedes-Mac.a in Frameworks */,
				D0BB24751678772C005E9371 /* Cocoa.framework in Frameworks */,
				D0BB24DC16787938005E9371 /* ReactiveCocoa.framework in Frameworks */,
			);
			runOnlyForDeploymentPostprocessing = 0;
		};
		D0BB24851678772C005E9371 /* Frameworks */ = {
			isa = PBXFrameworksBuildPhase;
			buildActionMask = 2147483647;
			files = (
				D0BB248B1678772C005E9371 /* SenTestingKit.framework in Frameworks */,
				D0BB248C1678772C005E9371 /* Cocoa.framework in Frameworks */,
				D0BB248F1678772C005E9371 /* ReactiveCocoaLayout.framework in Frameworks */,
				D06C9E48167D888100276090 /* libExpecta.a in Frameworks */,
				D06C9E49167D888100276090 /* libSpecta.a in Frameworks */,
				D06C9E55167D89B500276090 /* ReactiveCocoa.framework in Frameworks */,
			);
			runOnlyForDeploymentPostprocessing = 0;
		};
/* End PBXFrameworksBuildPhase section */

/* Begin PBXGroup section */
		D06C9E27167D886A00276090 /* Products */ = {
			isa = PBXGroup;
			children = (
				D06C9E31167D886A00276090 /* libExpecta.a */,
				D06C9E33167D886A00276090 /* libExpecta-iOS.a */,
				D06C9E35167D886A00276090 /* ExpectaTests.octest */,
				D06C9E37167D886A00276090 /* Expecta-iOSTests.octest */,
			);
			name = Products;
			sourceTree = "<group>";
		};
		D06C9E2A167D886A00276090 /* Products */ = {
			isa = PBXGroup;
			children = (
				D06C9E3D167D886A00276090 /* libSpecta.a */,
				D06C9E3F167D886A00276090 /* libSpecta-iOS.a */,
				D06C9E41167D886A00276090 /* SpectaTests.octest */,
				D06C9E43167D886A00276090 /* Specta-iOSTests.octest */,
			);
			name = Products;
			sourceTree = "<group>";
		};
		D06C9E51167D894200276090 /* Specs */ = {
			isa = PBXGroup;
			children = (
				D06C9E52167D896000276090 /* RACSignalRCLSignalAdditionsSpec.m */,
			);
			name = Specs;
			sourceTree = "<group>";
		};
		D0BB24651678772C005E9371 = {
			isa = PBXGroup;
			children = (
				D0BB247A1678772C005E9371 /* ReactiveCocoaLayout */,
				D0BB24901678772C005E9371 /* ReactiveCocoaLayoutTests */,
				D0BB24731678772C005E9371 /* Frameworks */,
				D0BB24A61678789A005E9371 /* Configuration */,
				D0BB24721678772C005E9371 /* Products */,
			);
			sourceTree = "<group>";
		};
		D0BB24721678772C005E9371 /* Products */ = {
			isa = PBXGroup;
			children = (
				D0BB24711678772C005E9371 /* ReactiveCocoaLayout.framework */,
				D0BB24891678772C005E9371 /* ReactiveCocoaLayout Mac Tests.octest */,
				D06269ED1679440C00E951A5 /* libReactiveCocoaLayout iOS.a */,
				D06269FB1679440C00E951A5 /* ReactiveCocoaLayout iOS Tests.octest */,
			);
			name = Products;
			sourceTree = "<group>";
		};
		D0BB24731678772C005E9371 /* Frameworks */ = {
			isa = PBXGroup;
			children = (
				D0BB24D916787927005E9371 /* libextobjc */,
				D0BB25EC1678857E005E9371 /* RACExtensions */,
				D0BB25711678809C005E9371 /* Archimedes.xcodeproj */,
				D06C9E26167D886A00276090 /* Expecta.xcodeproj */,
				D0BB24BB16787923005E9371 /* ReactiveCocoa.xcodeproj */,
				D06C9E29167D886A00276090 /* Specta.xcodeproj */,
				D0BB24741678772C005E9371 /* Cocoa.framework */,
				D0BB248A1678772C005E9371 /* SenTestingKit.framework */,
				D0BB24771678772C005E9371 /* AppKit.framework */,
				D0BB24791678772C005E9371 /* Foundation.framework */,
				D0626A39167944CF00E951A5 /* UIKit.framework */,
				D06C9E58167D89DB00276090 /* CoreGraphics.framework */,
			);
			name = Frameworks;
			sourceTree = "<group>";
		};
		D0BB247A1678772C005E9371 /* ReactiveCocoaLayout */ = {
			isa = PBXGroup;
			children = (
				D0BB24811678772C005E9371 /* ReactiveCocoaLayout.h */,
				D0BB262F16788758005E9371 /* Signals */,
				D0BB24E6167879E6005E9371 /* AppKit Extensions */,
				D0FD5A951679E758003C3210 /* UIKit Extensions */,
				D0BB247B1678772C005E9371 /* Supporting Files */,
			);
			path = ReactiveCocoaLayout;
			sourceTree = "<group>";
		};
		D0BB247B1678772C005E9371 /* Supporting Files */ = {
			isa = PBXGroup;
			children = (
				D0BB247C1678772C005E9371 /* ReactiveCocoaLayout-Info.plist */,
				D0BB247D1678772C005E9371 /* InfoPlist.strings */,
				D0BB24801678772C005E9371 /* ReactiveCocoaLayout-Prefix.pch */,
			);
			name = "Supporting Files";
			sourceTree = "<group>";
		};
		D0BB24901678772C005E9371 /* ReactiveCocoaLayoutTests */ = {
			isa = PBXGroup;
			children = (
				D06C9E51167D894200276090 /* Specs */,
				D0BB24911678772C005E9371 /* Supporting Files */,
			);
			path = ReactiveCocoaLayoutTests;
			sourceTree = "<group>";
		};
		D0BB24911678772C005E9371 /* Supporting Files */ = {
			isa = PBXGroup;
			children = (
				D06C9E50167D88B000276090 /* ReactiveCocoaLayoutTests-Prefix.pch */,
				D0BB24921678772C005E9371 /* ReactiveCocoaLayoutTests-Info.plist */,
				D0BB24931678772C005E9371 /* InfoPlist.strings */,
			);
			name = "Supporting Files";
			sourceTree = "<group>";
		};
		D0BB24A61678789A005E9371 /* Configuration */ = {
			isa = PBXGroup;
			children = (
				D0BB24A71678789A005E9371 /* Base */,
				D0BB24B01678789A005E9371 /* iOS */,
				D0BB24B41678789A005E9371 /* Mac OS X */,
				D0BB24BA1678789A005E9371 /* README.md */,
			);
			name = Configuration;
			path = External/ReactiveCocoa/ReactiveCocoaFramework/ReactiveCocoa/libextobjc/Configuration;
			sourceTree = "<group>";
		};
		D0BB24A71678789A005E9371 /* Base */ = {
			isa = PBXGroup;
			children = (
				D0BB24A81678789A005E9371 /* Common.xcconfig */,
				D0BB24A91678789A005E9371 /* Configurations */,
				D0BB24AD1678789A005E9371 /* Targets */,
			);
			path = Base;
			sourceTree = "<group>";
		};
		D0BB24A91678789A005E9371 /* Configurations */ = {
			isa = PBXGroup;
			children = (
				D0BB24AA1678789A005E9371 /* Debug.xcconfig */,
				D0BB24AB1678789A005E9371 /* Profile.xcconfig */,
				D0BB24AC1678789A005E9371 /* Release.xcconfig */,
			);
			path = Configurations;
			sourceTree = "<group>";
		};
		D0BB24AD1678789A005E9371 /* Targets */ = {
			isa = PBXGroup;
			children = (
				D0BB24AE1678789A005E9371 /* Application.xcconfig */,
				D0BB24AF1678789A005E9371 /* StaticLibrary.xcconfig */,
			);
			path = Targets;
			sourceTree = "<group>";
		};
		D0BB24B01678789A005E9371 /* iOS */ = {
			isa = PBXGroup;
			children = (
				D0BB24B11678789A005E9371 /* iOS-Application.xcconfig */,
				D0BB24B21678789A005E9371 /* iOS-Base.xcconfig */,
				D0BB24B31678789A005E9371 /* iOS-StaticLibrary.xcconfig */,
			);
			path = iOS;
			sourceTree = "<group>";
		};
		D0BB24B41678789A005E9371 /* Mac OS X */ = {
			isa = PBXGroup;
			children = (
				D0BB24B51678789A005E9371 /* Mac-Application.xcconfig */,
				D0BB24B61678789A005E9371 /* Mac-Base.xcconfig */,
				D0BB24B71678789A005E9371 /* Mac-DynamicLibrary.xcconfig */,
				D0BB24B81678789A005E9371 /* Mac-Framework.xcconfig */,
				D0BB24B91678789A005E9371 /* Mac-StaticLibrary.xcconfig */,
			);
			path = "Mac OS X";
			sourceTree = "<group>";
		};
		D0BB24BC16787923005E9371 /* Products */ = {
			isa = PBXGroup;
			children = (
				D0BB24CD16787923005E9371 /* ReactiveCocoa.framework */,
				D0BB24CF16787923005E9371 /* libReactiveCocoa-iOS.a */,
				D0BB24D116787923005E9371 /* ReactiveCocoaTests.octest */,
			);
			name = Products;
			sourceTree = "<group>";
		};
		D0BB24D916787927005E9371 /* libextobjc */ = {
			isa = PBXGroup;
			children = (
				D0BB268C16788866005E9371 /* EXTConcreteProtocol.h */,
				D0BB268D16788866005E9371 /* EXTConcreteProtocol.m */,
				D0BB24E0167879CA005E9371 /* metamacros.h */,
				D0BB268E16788866005E9371 /* EXTRuntimeExtensions.h */,
				D0BB268F16788866005E9371 /* EXTRuntimeExtensions.m */,
			);
			name = libextobjc;
			sourceTree = "<group>";
		};
		D0BB24E6167879E6005E9371 /* AppKit Extensions */ = {
			isa = PBXGroup;
			children = (
				D0BB25DE1678847A005E9371 /* NSView+RCLObservationAdditions.h */,
				D0BB25DF1678847A005E9371 /* NSView+RCLObservationAdditions.m */,
			);
			name = "AppKit Extensions";
			sourceTree = "<group>";
		};
		D0BB25721678809C005E9371 /* Products */ = {
			isa = PBXGroup;
			children = (
				D0BB257E1678809D005E9371 /* libArchimedes-Mac.a */,
				D0BB25801678809D005E9371 /* Archimedes Mac Tests.octest */,
				D0BB25821678809D005E9371 /* libArchimedes-iOS.a */,
				D0BB25841678809D005E9371 /* Archimedes iOS Tests.octest */,
			);
			name = Products;
			sourceTree = "<group>";
		};
		D0BB25EC1678857E005E9371 /* RACExtensions */ = {
			isa = PBXGroup;
			children = (
				D0BB25E816788579005E9371 /* NSNotificationCenter+RACSupport.h */,
				D0BB25E916788579005E9371 /* NSNotificationCenter+RACSupport.m */,
			);
			name = RACExtensions;
			sourceTree = "<group>";
		};
		D0BB262F16788758005E9371 /* Signals */ = {
			isa = PBXGroup;
			children = (
				D0BB24E716787A01005E9371 /* RCLSignal.h */,
				D0BB24E816787A01005E9371 /* RCLSignal.m */,
				D0BB2630167887C3005E9371 /* RACSignal+RCLSignalAdditions.h */,
				D0BB2631167887C3005E9371 /* RACSignal+RCLSignalAdditions.m */,
			);
			name = Signals;
			sourceTree = "<group>";
		};
		D0FD5A951679E758003C3210 /* UIKit Extensions */ = {
			isa = PBXGroup;
			children = (
				D0FD5A961679E7AF003C3210 /* UIView+RCLObservationAdditions.h */,
				D0FD5A971679E7AF003C3210 /* UIView+RCLObservationAdditions.m */,
			);
			name = "UIKit Extensions";
			sourceTree = "<group>";
		};
/* End PBXGroup section */

/* Begin PBXHeadersBuildPhase section */
		D0BB246E1678772C005E9371 /* Headers */ = {
			isa = PBXHeadersBuildPhase;
			buildActionMask = 2147483647;
			files = (
				D0BB24DD167879A3005E9371 /* ReactiveCocoaLayout.h in Headers */,
				D0BB24E5167879DA005E9371 /* metamacros.h in Headers */,
				D0BB24E916787A01005E9371 /* RCLSignal.h in Headers */,
				D0BB25E01678847A005E9371 /* NSView+RCLObservationAdditions.h in Headers */,
				D0BB2632167887C3005E9371 /* RACSignal+RCLSignalAdditions.h in Headers */,
				D0BB269016788866005E9371 /* EXTConcreteProtocol.h in Headers */,
			);
			runOnlyForDeploymentPostprocessing = 0;
		};
/* End PBXHeadersBuildPhase section */

/* Begin PBXNativeTarget section */
		D06269EC1679440C00E951A5 /* ReactiveCocoaLayout iOS */ = {
			isa = PBXNativeTarget;
			buildConfigurationList = D0626A0C1679440D00E951A5 /* Build configuration list for PBXNativeTarget "ReactiveCocoaLayout iOS" */;
			buildPhases = (
				D06269E91679440C00E951A5 /* Sources */,
				D06269EA1679440C00E951A5 /* Frameworks */,
				D06269EB1679440C00E951A5 /* CopyFiles */,
			);
			buildRules = (
			);
			dependencies = (
				D0626A36167944B900E951A5 /* PBXTargetDependency */,
				D0626A34167944B700E951A5 /* PBXTargetDependency */,
			);
			name = "ReactiveCocoaLayout iOS";
			productName = ReactiveCocoaLayout;
			productReference = D06269ED1679440C00E951A5 /* libReactiveCocoaLayout iOS.a */;
			productType = "com.apple.product-type.library.static";
		};
		D06269FA1679440C00E951A5 /* ReactiveCocoaLayout iOS Tests */ = {
			isa = PBXNativeTarget;
			buildConfigurationList = D0626A0F1679440D00E951A5 /* Build configuration list for PBXNativeTarget "ReactiveCocoaLayout iOS Tests" */;
			buildPhases = (
				D06269F61679440C00E951A5 /* Sources */,
				D06269F71679440C00E951A5 /* Frameworks */,
				D06269F81679440C00E951A5 /* Resources */,
				D06269F91679440C00E951A5 /* ShellScript */,
			);
			buildRules = (
			);
			dependencies = (
				D06C9E4B167D888700276090 /* PBXTargetDependency */,
				D06C9E4D167D888700276090 /* PBXTargetDependency */,
				D0626A011679440D00E951A5 /* PBXTargetDependency */,
			);
			name = "ReactiveCocoaLayout iOS Tests";
			productName = ReactiveCocoaLayoutTests;
			productReference = D06269FB1679440C00E951A5 /* ReactiveCocoaLayout iOS Tests.octest */;
			productType = "com.apple.product-type.bundle";
		};
		D0BB24701678772C005E9371 /* ReactiveCocoaLayout Mac */ = {
			isa = PBXNativeTarget;
			buildConfigurationList = D0BB249B1678772C005E9371 /* Build configuration list for PBXNativeTarget "ReactiveCocoaLayout Mac" */;
			buildPhases = (
				D0BB246C1678772C005E9371 /* Sources */,
				D0BB246D1678772C005E9371 /* Frameworks */,
				D0BB246E1678772C005E9371 /* Headers */,
				D0BB246F1678772C005E9371 /* Resources */,
			);
			buildRules = (
			);
			dependencies = (
				D0BB25A8167880B2005E9371 /* PBXTargetDependency */,
				D0BB24DB16787933005E9371 /* PBXTargetDependency */,
			);
			name = "ReactiveCocoaLayout Mac";
			productName = ReactiveCocoaLayout;
			productReference = D0BB24711678772C005E9371 /* ReactiveCocoaLayout.framework */;
			productType = "com.apple.product-type.framework";
		};
		D0BB24881678772C005E9371 /* ReactiveCocoaLayout Mac Tests */ = {
			isa = PBXNativeTarget;
			buildConfigurationList = D0BB249E1678772C005E9371 /* Build configuration list for PBXNativeTarget "ReactiveCocoaLayout Mac Tests" */;
			buildPhases = (
				D0BB24841678772C005E9371 /* Sources */,
				D0BB24851678772C005E9371 /* Frameworks */,
				D0BB24861678772C005E9371 /* Resources */,
				D0BB24871678772C005E9371 /* ShellScript */,
			);
			buildRules = (
			);
			dependencies = (
				D06C9E45167D887400276090 /* PBXTargetDependency */,
				D06C9E47167D887400276090 /* PBXTargetDependency */,
				D0BB248E1678772C005E9371 /* PBXTargetDependency */,
			);
			name = "ReactiveCocoaLayout Mac Tests";
			productName = ReactiveCocoaLayoutTests;
			productReference = D0BB24891678772C005E9371 /* ReactiveCocoaLayout Mac Tests.octest */;
			productType = "com.apple.product-type.bundle";
		};
/* End PBXNativeTarget section */

/* Begin PBXProject section */
		D0BB24671678772C005E9371 /* Project object */ = {
			isa = PBXProject;
			attributes = {
				LastUpgradeCheck = 0450;
				ORGANIZATIONNAME = GitHub;
			};
			buildConfigurationList = D0BB246A1678772C005E9371 /* Build configuration list for PBXProject "ReactiveCocoaLayout" */;
			compatibilityVersion = "Xcode 3.2";
			developmentRegion = English;
			hasScannedForEncodings = 0;
			knownRegions = (
				en,
			);
			mainGroup = D0BB24651678772C005E9371;
			productRefGroup = D0BB24721678772C005E9371 /* Products */;
			projectDirPath = "";
			projectReferences = (
				{
					ProductGroup = D0BB25721678809C005E9371 /* Products */;
					ProjectRef = D0BB25711678809C005E9371 /* Archimedes.xcodeproj */;
				},
				{
					ProductGroup = D06C9E27167D886A00276090 /* Products */;
					ProjectRef = D06C9E26167D886A00276090 /* Expecta.xcodeproj */;
				},
				{
					ProductGroup = D0BB24BC16787923005E9371 /* Products */;
					ProjectRef = D0BB24BB16787923005E9371 /* ReactiveCocoa.xcodeproj */;
				},
				{
					ProductGroup = D06C9E2A167D886A00276090 /* Products */;
					ProjectRef = D06C9E29167D886A00276090 /* Specta.xcodeproj */;
				},
			);
			projectRoot = "";
			targets = (
				D0BB24701678772C005E9371 /* ReactiveCocoaLayout Mac */,
				D0BB24881678772C005E9371 /* ReactiveCocoaLayout Mac Tests */,
				D06269EC1679440C00E951A5 /* ReactiveCocoaLayout iOS */,
				D06269FA1679440C00E951A5 /* ReactiveCocoaLayout iOS Tests */,
			);
		};
/* End PBXProject section */

/* Begin PBXReferenceProxy section */
		D06C9E31167D886A00276090 /* libExpecta.a */ = {
			isa = PBXReferenceProxy;
			fileType = archive.ar;
			path = libExpecta.a;
			remoteRef = D06C9E30167D886A00276090 /* PBXContainerItemProxy */;
			sourceTree = BUILT_PRODUCTS_DIR;
		};
		D06C9E33167D886A00276090 /* libExpecta-iOS.a */ = {
			isa = PBXReferenceProxy;
			fileType = archive.ar;
			path = "libExpecta-iOS.a";
			remoteRef = D06C9E32167D886A00276090 /* PBXContainerItemProxy */;
			sourceTree = BUILT_PRODUCTS_DIR;
		};
		D06C9E35167D886A00276090 /* ExpectaTests.octest */ = {
			isa = PBXReferenceProxy;
			fileType = wrapper.cfbundle;
			path = ExpectaTests.octest;
			remoteRef = D06C9E34167D886A00276090 /* PBXContainerItemProxy */;
			sourceTree = BUILT_PRODUCTS_DIR;
		};
		D06C9E37167D886A00276090 /* Expecta-iOSTests.octest */ = {
			isa = PBXReferenceProxy;
			fileType = wrapper.cfbundle;
			path = "Expecta-iOSTests.octest";
			remoteRef = D06C9E36167D886A00276090 /* PBXContainerItemProxy */;
			sourceTree = BUILT_PRODUCTS_DIR;
		};
		D06C9E3D167D886A00276090 /* libSpecta.a */ = {
			isa = PBXReferenceProxy;
			fileType = archive.ar;
			path = libSpecta.a;
			remoteRef = D06C9E3C167D886A00276090 /* PBXContainerItemProxy */;
			sourceTree = BUILT_PRODUCTS_DIR;
		};
		D06C9E3F167D886A00276090 /* libSpecta-iOS.a */ = {
			isa = PBXReferenceProxy;
			fileType = archive.ar;
			path = "libSpecta-iOS.a";
			remoteRef = D06C9E3E167D886A00276090 /* PBXContainerItemProxy */;
			sourceTree = BUILT_PRODUCTS_DIR;
		};
		D06C9E41167D886A00276090 /* SpectaTests.octest */ = {
			isa = PBXReferenceProxy;
			fileType = wrapper.cfbundle;
			path = SpectaTests.octest;
			remoteRef = D06C9E40167D886A00276090 /* PBXContainerItemProxy */;
			sourceTree = BUILT_PRODUCTS_DIR;
		};
		D06C9E43167D886A00276090 /* Specta-iOSTests.octest */ = {
			isa = PBXReferenceProxy;
			fileType = wrapper.cfbundle;
			path = "Specta-iOSTests.octest";
			remoteRef = D06C9E42167D886A00276090 /* PBXContainerItemProxy */;
			sourceTree = BUILT_PRODUCTS_DIR;
		};
		D0BB24CD16787923005E9371 /* ReactiveCocoa.framework */ = {
			isa = PBXReferenceProxy;
			fileType = wrapper.framework;
			path = ReactiveCocoa.framework;
			remoteRef = D0BB24CC16787923005E9371 /* PBXContainerItemProxy */;
			sourceTree = BUILT_PRODUCTS_DIR;
		};
		D0BB24CF16787923005E9371 /* libReactiveCocoa-iOS.a */ = {
			isa = PBXReferenceProxy;
			fileType = archive.ar;
			path = "libReactiveCocoa-iOS.a";
			remoteRef = D0BB24CE16787923005E9371 /* PBXContainerItemProxy */;
			sourceTree = BUILT_PRODUCTS_DIR;
		};
		D0BB24D116787923005E9371 /* ReactiveCocoaTests.octest */ = {
			isa = PBXReferenceProxy;
			fileType = wrapper.cfbundle;
			path = ReactiveCocoaTests.octest;
			remoteRef = D0BB24D016787923005E9371 /* PBXContainerItemProxy */;
			sourceTree = BUILT_PRODUCTS_DIR;
		};
		D0BB257E1678809D005E9371 /* libArchimedes-Mac.a */ = {
			isa = PBXReferenceProxy;
			fileType = archive.ar;
			path = "libArchimedes-Mac.a";
			remoteRef = D0BB257D1678809D005E9371 /* PBXContainerItemProxy */;
			sourceTree = BUILT_PRODUCTS_DIR;
		};
		D0BB25801678809D005E9371 /* Archimedes Mac Tests.octest */ = {
			isa = PBXReferenceProxy;
			fileType = wrapper.cfbundle;
			path = "Archimedes Mac Tests.octest";
			remoteRef = D0BB257F1678809D005E9371 /* PBXContainerItemProxy */;
			sourceTree = BUILT_PRODUCTS_DIR;
		};
		D0BB25821678809D005E9371 /* libArchimedes-iOS.a */ = {
			isa = PBXReferenceProxy;
			fileType = archive.ar;
			path = "libArchimedes-iOS.a";
			remoteRef = D0BB25811678809D005E9371 /* PBXContainerItemProxy */;
			sourceTree = BUILT_PRODUCTS_DIR;
		};
		D0BB25841678809D005E9371 /* Archimedes iOS Tests.octest */ = {
			isa = PBXReferenceProxy;
			fileType = wrapper.cfbundle;
			path = "Archimedes iOS Tests.octest";
			remoteRef = D0BB25831678809D005E9371 /* PBXContainerItemProxy */;
			sourceTree = BUILT_PRODUCTS_DIR;
		};
/* End PBXReferenceProxy section */

/* Begin PBXResourcesBuildPhase section */
		D06269F81679440C00E951A5 /* Resources */ = {
			isa = PBXResourcesBuildPhase;
			buildActionMask = 2147483647;
			files = (
			);
			runOnlyForDeploymentPostprocessing = 0;
		};
		D0BB246F1678772C005E9371 /* Resources */ = {
			isa = PBXResourcesBuildPhase;
			buildActionMask = 2147483647;
			files = (
				D0BB247F1678772C005E9371 /* InfoPlist.strings in Resources */,
			);
			runOnlyForDeploymentPostprocessing = 0;
		};
		D0BB24861678772C005E9371 /* Resources */ = {
			isa = PBXResourcesBuildPhase;
			buildActionMask = 2147483647;
			files = (
				D0BB24951678772C005E9371 /* InfoPlist.strings in Resources */,
			);
			runOnlyForDeploymentPostprocessing = 0;
		};
/* End PBXResourcesBuildPhase section */

/* Begin PBXShellScriptBuildPhase section */
		D06269F91679440C00E951A5 /* ShellScript */ = {
			isa = PBXShellScriptBuildPhase;
			buildActionMask = 2147483647;
			files = (
			);
			inputPaths = (
			);
			outputPaths = (
			);
			runOnlyForDeploymentPostprocessing = 0;
			shellPath = /bin/sh;
			shellScript = "# Run the unit tests in this test bundle.\n\"${SYSTEM_DEVELOPER_DIR}/Tools/RunUnitTests\"\n";
		};
		D0BB24871678772C005E9371 /* ShellScript */ = {
			isa = PBXShellScriptBuildPhase;
			buildActionMask = 2147483647;
			files = (
			);
			inputPaths = (
			);
			outputPaths = (
			);
			runOnlyForDeploymentPostprocessing = 0;
			shellPath = /bin/sh;
			shellScript = "# Run the unit tests in this test bundle.\n\"${SYSTEM_DEVELOPER_DIR}/Tools/RunUnitTests\"\n";
		};
/* End PBXShellScriptBuildPhase section */

/* Begin PBXSourcesBuildPhase section */
		D06269E91679440C00E951A5 /* Sources */ = {
			isa = PBXSourcesBuildPhase;
			buildActionMask = 2147483647;
			files = (
				D0626A3D167944E800E951A5 /* RACSignal+RCLSignalAdditions.m in Sources */,
				D0626A3E167944E900E951A5 /* RCLSignal.m in Sources */,
				D0626A3F167944EC00E951A5 /* EXTConcreteProtocol.m in Sources */,
				D0626A40167944EE00E951A5 /* EXTRuntimeExtensions.m in Sources */,
				D0FD5A981679E7AF003C3210 /* UIView+RCLObservationAdditions.m in Sources */,
			);
			runOnlyForDeploymentPostprocessing = 0;
		};
		D06269F61679440C00E951A5 /* Sources */ = {
			isa = PBXSourcesBuildPhase;
			buildActionMask = 2147483647;
			files = (
				D06C9E54167D896000276090 /* RACSignalRCLSignalAdditionsSpec.m in Sources */,
			);
			runOnlyForDeploymentPostprocessing = 0;
		};
		D0BB246C1678772C005E9371 /* Sources */ = {
			isa = PBXSourcesBuildPhase;
			buildActionMask = 2147483647;
			files = (
				D0BB24EA16787A01005E9371 /* RCLSignal.m in Sources */,
				D0BB25E11678847A005E9371 /* NSView+RCLObservationAdditions.m in Sources */,
				D0BB25EB16788579005E9371 /* NSNotificationCenter+RACSupport.m in Sources */,
				D0BB2633167887C3005E9371 /* RACSignal+RCLSignalAdditions.m in Sources */,
				D0BB269116788866005E9371 /* EXTConcreteProtocol.m in Sources */,
				D0BB269316788866005E9371 /* EXTRuntimeExtensions.m in Sources */,
			);
			runOnlyForDeploymentPostprocessing = 0;
		};
		D0BB24841678772C005E9371 /* Sources */ = {
			isa = PBXSourcesBuildPhase;
			buildActionMask = 2147483647;
			files = (
				D06C9E53167D896000276090 /* RACSignalRCLSignalAdditionsSpec.m in Sources */,
			);
			runOnlyForDeploymentPostprocessing = 0;
		};
/* End PBXSourcesBuildPhase section */

/* Begin PBXTargetDependency section */
		D0626A011679440D00E951A5 /* PBXTargetDependency */ = {
			isa = PBXTargetDependency;
			target = D06269EC1679440C00E951A5 /* ReactiveCocoaLayout iOS */;
			targetProxy = D0626A001679440D00E951A5 /* PBXContainerItemProxy */;
		};
		D0626A34167944B700E951A5 /* PBXTargetDependency */ = {
			isa = PBXTargetDependency;
			name = "ReactiveCocoa-iOS";
			targetProxy = D0626A33167944B700E951A5 /* PBXContainerItemProxy */;
		};
		D0626A36167944B900E951A5 /* PBXTargetDependency */ = {
			isa = PBXTargetDependency;
			name = "Archimedes iOS";
			targetProxy = D0626A35167944B900E951A5 /* PBXContainerItemProxy */;
		};
		D06C9E45167D887400276090 /* PBXTargetDependency */ = {
			isa = PBXTargetDependency;
			name = Specta;
			targetProxy = D06C9E44167D887400276090 /* PBXContainerItemProxy */;
		};
		D06C9E47167D887400276090 /* PBXTargetDependency */ = {
			isa = PBXTargetDependency;
			name = Expecta;
			targetProxy = D06C9E46167D887400276090 /* PBXContainerItemProxy */;
		};
		D06C9E4B167D888700276090 /* PBXTargetDependency */ = {
			isa = PBXTargetDependency;
			name = "Specta-iOS";
			targetProxy = D06C9E4A167D888700276090 /* PBXContainerItemProxy */;
		};
		D06C9E4D167D888700276090 /* PBXTargetDependency */ = {
			isa = PBXTargetDependency;
			name = "Expecta-iOS";
			targetProxy = D06C9E4C167D888700276090 /* PBXContainerItemProxy */;
		};
		D0BB248E1678772C005E9371 /* PBXTargetDependency */ = {
			isa = PBXTargetDependency;
			target = D0BB24701678772C005E9371 /* ReactiveCocoaLayout Mac */;
			targetProxy = D0BB248D1678772C005E9371 /* PBXContainerItemProxy */;
		};
		D0BB24DB16787933005E9371 /* PBXTargetDependency */ = {
			isa = PBXTargetDependency;
			name = ReactiveCocoa;
			targetProxy = D0BB24DA16787933005E9371 /* PBXContainerItemProxy */;
		};
		D0BB25A8167880B2005E9371 /* PBXTargetDependency */ = {
			isa = PBXTargetDependency;
			name = "Archimedes Mac";
			targetProxy = D0BB25A7167880B2005E9371 /* PBXContainerItemProxy */;
		};
/* End PBXTargetDependency section */

/* Begin PBXVariantGroup section */
		D0BB247D1678772C005E9371 /* InfoPlist.strings */ = {
			isa = PBXVariantGroup;
			children = (
				D0BB247E1678772C005E9371 /* en */,
			);
			name = InfoPlist.strings;
			sourceTree = "<group>";
		};
		D0BB24931678772C005E9371 /* InfoPlist.strings */ = {
			isa = PBXVariantGroup;
			children = (
				D0BB24941678772C005E9371 /* en */,
			);
			name = InfoPlist.strings;
			sourceTree = "<group>";
		};
/* End PBXVariantGroup section */

/* Begin XCBuildConfiguration section */
		D0626A0D1679440D00E951A5 /* Debug */ = {
			isa = XCBuildConfiguration;
			baseConfigurationReference = D0BB24B31678789A005E9371 /* iOS-StaticLibrary.xcconfig */;
			buildSettings = {
				CLANG_WARN_SUSPICIOUS_IMPLICIT_CONVERSION = NO;
				DSTROOT = /tmp/ReactiveCocoaLayout.dst;
				PRODUCT_NAME = "$(TARGET_NAME)";
			};
			name = Debug;
		};
		D0626A0E1679440D00E951A5 /* Release */ = {
			isa = XCBuildConfiguration;
			baseConfigurationReference = D0BB24B31678789A005E9371 /* iOS-StaticLibrary.xcconfig */;
			buildSettings = {
				CLANG_WARN_SUSPICIOUS_IMPLICIT_CONVERSION = NO;
				DSTROOT = /tmp/ReactiveCocoaLayout.dst;
				PRODUCT_NAME = "$(TARGET_NAME)";
			};
			name = Release;
		};
		D0626A101679440D00E951A5 /* Debug */ = {
			isa = XCBuildConfiguration;
			baseConfigurationReference = D0BB24B11678789A005E9371 /* iOS-Application.xcconfig */;
			buildSettings = {
				FRAMEWORK_SEARCH_PATHS = (
					"\"$(SDKROOT)/Developer/Library/Frameworks\"",
					"\"$(DEVELOPER_LIBRARY_DIR)/Frameworks\"",
				);
				GCC_PREFIX_HEADER = "ReactiveCocoaLayoutTests/ReactiveCocoaLayoutTests-Prefix.pch";
				INFOPLIST_FILE = "ReactiveCocoaLayoutTests/ReactiveCocoaLayoutTests-Info.plist";
				PRODUCT_NAME = "$(TARGET_NAME)";
				WRAPPER_EXTENSION = octest;
			};
			name = Debug;
		};
		D0626A111679440D00E951A5 /* Release */ = {
			isa = XCBuildConfiguration;
			baseConfigurationReference = D0BB24B11678789A005E9371 /* iOS-Application.xcconfig */;
			buildSettings = {
				FRAMEWORK_SEARCH_PATHS = (
					"\"$(SDKROOT)/Developer/Library/Frameworks\"",
					"\"$(DEVELOPER_LIBRARY_DIR)/Frameworks\"",
				);
				GCC_PREFIX_HEADER = "ReactiveCocoaLayoutTests/ReactiveCocoaLayoutTests-Prefix.pch";
				INFOPLIST_FILE = "ReactiveCocoaLayoutTests/ReactiveCocoaLayoutTests-Info.plist";
				PRODUCT_NAME = "$(TARGET_NAME)";
				WRAPPER_EXTENSION = octest;
			};
			name = Release;
		};
		D0626A41167945D400E951A5 /* Profile */ = {
			isa = XCBuildConfiguration;
			baseConfigurationReference = D0BB24AB1678789A005E9371 /* Profile.xcconfig */;
			buildSettings = {
				ARCHS = "$(ARCHS_STANDARD_64_BIT)";
				CLANG_CXX_LANGUAGE_STANDARD = "gnu++0x";
				CLANG_CXX_LIBRARY = "libc++";
				GCC_C_LANGUAGE_STANDARD = gnu99;
				GCC_PREFIX_HEADER = "ReactiveCocoaLayout/ReactiveCocoaLayout-Prefix.pch";
				HEADER_SEARCH_PATHS = (
					External/Archimedes,
					"External/ReactiveCocoa/ReactiveCocoaFramework/**",
					External/ReactiveCocoa/external/specta/src,
					"External/ReactiveCocoa/external/expecta/src/**",
				);
				IPHONEOS_DEPLOYMENT_TARGET = 5.1;
				MACOSX_DEPLOYMENT_TARGET = 10.7;
				OTHER_LDFLAGS = "-ObjC";
				PRODUCT_NAME = ReactiveCocoaLayout;
			};
			name = Profile;
		};
		D0626A42167945D400E951A5 /* Profile */ = {
			isa = XCBuildConfiguration;
			baseConfigurationReference = D0BB24B81678789A005E9371 /* Mac-Framework.xcconfig */;
			buildSettings = {
				DYLIB_COMPATIBILITY_VERSION = 1;
				DYLIB_CURRENT_VERSION = 1;
				FRAMEWORK_VERSION = A;
				INFOPLIST_FILE = "ReactiveCocoaLayout/ReactiveCocoaLayout-Info.plist";
				WRAPPER_EXTENSION = framework;
			};
			name = Profile;
		};
		D0626A43167945D400E951A5 /* Profile */ = {
			isa = XCBuildConfiguration;
			baseConfigurationReference = D0BB24B51678789A005E9371 /* Mac-Application.xcconfig */;
			buildSettings = {
				FRAMEWORK_SEARCH_PATHS = "\"$(DEVELOPER_LIBRARY_DIR)/Frameworks\"";
				GCC_PREFIX_HEADER = "ReactiveCocoaLayoutTests/ReactiveCocoaLayoutTests-Prefix.pch";
				INFOPLIST_FILE = "ReactiveCocoaLayoutTests/ReactiveCocoaLayoutTests-Info.plist";
				PRODUCT_NAME = "$(TARGET_NAME)";
				WRAPPER_EXTENSION = octest;
			};
			name = Profile;
		};
		D0626A44167945D400E951A5 /* Profile */ = {
			isa = XCBuildConfiguration;
			baseConfigurationReference = D0BB24B31678789A005E9371 /* iOS-StaticLibrary.xcconfig */;
			buildSettings = {
				CLANG_WARN_SUSPICIOUS_IMPLICIT_CONVERSION = NO;
				DSTROOT = /tmp/ReactiveCocoaLayout.dst;
				PRODUCT_NAME = "$(TARGET_NAME)";
			};
			name = Profile;
		};
		D0626A45167945D400E951A5 /* Profile */ = {
			isa = XCBuildConfiguration;
			baseConfigurationReference = D0BB24B11678789A005E9371 /* iOS-Application.xcconfig */;
			buildSettings = {
				FRAMEWORK_SEARCH_PATHS = (
					"\"$(SDKROOT)/Developer/Library/Frameworks\"",
					"\"$(DEVELOPER_LIBRARY_DIR)/Frameworks\"",
				);
				GCC_PREFIX_HEADER = "ReactiveCocoaLayoutTests/ReactiveCocoaLayoutTests-Prefix.pch";
				INFOPLIST_FILE = "ReactiveCocoaLayoutTests/ReactiveCocoaLayoutTests-Info.plist";
				PRODUCT_NAME = "$(TARGET_NAME)";
				WRAPPER_EXTENSION = octest;
			};
			name = Profile;
		};
		D0BB24991678772C005E9371 /* Debug */ = {
			isa = XCBuildConfiguration;
			baseConfigurationReference = D0BB24AA1678789A005E9371 /* Debug.xcconfig */;
			buildSettings = {
				ARCHS = "$(ARCHS_STANDARD_64_BIT)";
				CLANG_CXX_LANGUAGE_STANDARD = "gnu++0x";
				CLANG_CXX_LIBRARY = "libc++";
				GCC_C_LANGUAGE_STANDARD = gnu99;
				GCC_PREFIX_HEADER = "ReactiveCocoaLayout/ReactiveCocoaLayout-Prefix.pch";
				HEADER_SEARCH_PATHS = (
					External/Archimedes,
					"External/ReactiveCocoa/ReactiveCocoaFramework/**",
					External/ReactiveCocoa/external/specta/src,
					"External/ReactiveCocoa/external/expecta/src/**",
				);
				IPHONEOS_DEPLOYMENT_TARGET = 5.1;
				MACOSX_DEPLOYMENT_TARGET = 10.7;
				OTHER_LDFLAGS = "-ObjC";
				PRODUCT_NAME = ReactiveCocoaLayout;
			};
			name = Debug;
		};
		D0BB249A1678772C005E9371 /* Release */ = {
			isa = XCBuildConfiguration;
			baseConfigurationReference = D0BB24AC1678789A005E9371 /* Release.xcconfig */;
			buildSettings = {
				ARCHS = "$(ARCHS_STANDARD_64_BIT)";
				CLANG_CXX_LANGUAGE_STANDARD = "gnu++0x";
				CLANG_CXX_LIBRARY = "libc++";
				GCC_C_LANGUAGE_STANDARD = gnu99;
				GCC_PREFIX_HEADER = "ReactiveCocoaLayout/ReactiveCocoaLayout-Prefix.pch";
				HEADER_SEARCH_PATHS = (
					External/Archimedes,
					"External/ReactiveCocoa/ReactiveCocoaFramework/**",
					External/ReactiveCocoa/external/specta/src,
					"External/ReactiveCocoa/external/expecta/src/**",
				);
				IPHONEOS_DEPLOYMENT_TARGET = 5.1;
				MACOSX_DEPLOYMENT_TARGET = 10.7;
				OTHER_LDFLAGS = "-ObjC";
				PRODUCT_NAME = ReactiveCocoaLayout;
			};
			name = Release;
		};
		D0BB249C1678772C005E9371 /* Debug */ = {
			isa = XCBuildConfiguration;
			baseConfigurationReference = D0BB24B81678789A005E9371 /* Mac-Framework.xcconfig */;
			buildSettings = {
				DYLIB_COMPATIBILITY_VERSION = 1;
				DYLIB_CURRENT_VERSION = 1;
				FRAMEWORK_VERSION = A;
				INFOPLIST_FILE = "ReactiveCocoaLayout/ReactiveCocoaLayout-Info.plist";
				WRAPPER_EXTENSION = framework;
			};
			name = Debug;
		};
		D0BB249D1678772C005E9371 /* Release */ = {
			isa = XCBuildConfiguration;
			baseConfigurationReference = D0BB24B81678789A005E9371 /* Mac-Framework.xcconfig */;
			buildSettings = {
				DYLIB_COMPATIBILITY_VERSION = 1;
				DYLIB_CURRENT_VERSION = 1;
				FRAMEWORK_VERSION = A;
				INFOPLIST_FILE = "ReactiveCocoaLayout/ReactiveCocoaLayout-Info.plist";
				WRAPPER_EXTENSION = framework;
			};
			name = Release;
		};
		D0BB249F1678772C005E9371 /* Debug */ = {
			isa = XCBuildConfiguration;
			baseConfigurationReference = D0BB24B51678789A005E9371 /* Mac-Application.xcconfig */;
			buildSettings = {
				FRAMEWORK_SEARCH_PATHS = "\"$(DEVELOPER_LIBRARY_DIR)/Frameworks\"";
				GCC_PREFIX_HEADER = "ReactiveCocoaLayoutTests/ReactiveCocoaLayoutTests-Prefix.pch";
				INFOPLIST_FILE = "ReactiveCocoaLayoutTests/ReactiveCocoaLayoutTests-Info.plist";
				PRODUCT_NAME = "$(TARGET_NAME)";
				WRAPPER_EXTENSION = octest;
			};
			name = Debug;
		};
		D0BB24A01678772C005E9371 /* Release */ = {
			isa = XCBuildConfiguration;
			baseConfigurationReference = D0BB24B51678789A005E9371 /* Mac-Application.xcconfig */;
			buildSettings = {
				FRAMEWORK_SEARCH_PATHS = "\"$(DEVELOPER_LIBRARY_DIR)/Frameworks\"";
				GCC_PREFIX_HEADER = "ReactiveCocoaLayoutTests/ReactiveCocoaLayoutTests-Prefix.pch";
				INFOPLIST_FILE = "ReactiveCocoaLayoutTests/ReactiveCocoaLayoutTests-Info.plist";
				PRODUCT_NAME = "$(TARGET_NAME)";
				WRAPPER_EXTENSION = octest;
			};
			name = Release;
		};
/* End XCBuildConfiguration section */

/* Begin XCConfigurationList section */
		D0626A0C1679440D00E951A5 /* Build configuration list for PBXNativeTarget "ReactiveCocoaLayout iOS" */ = {
			isa = XCConfigurationList;
			buildConfigurations = (
				D0626A0D1679440D00E951A5 /* Debug */,
				D0626A0E1679440D00E951A5 /* Release */,
				D0626A44167945D400E951A5 /* Profile */,
			);
			defaultConfigurationIsVisible = 0;
			defaultConfigurationName = Release;
		};
		D0626A0F1679440D00E951A5 /* Build configuration list for PBXNativeTarget "ReactiveCocoaLayout iOS Tests" */ = {
			isa = XCConfigurationList;
			buildConfigurations = (
				D0626A101679440D00E951A5 /* Debug */,
				D0626A111679440D00E951A5 /* Release */,
				D0626A45167945D400E951A5 /* Profile */,
			);
			defaultConfigurationIsVisible = 0;
			defaultConfigurationName = Release;
		};
		D0BB246A1678772C005E9371 /* Build configuration list for PBXProject "ReactiveCocoaLayout" */ = {
			isa = XCConfigurationList;
			buildConfigurations = (
				D0BB24991678772C005E9371 /* Debug */,
				D0BB249A1678772C005E9371 /* Release */,
				D0626A41167945D400E951A5 /* Profile */,
			);
			defaultConfigurationIsVisible = 0;
			defaultConfigurationName = Release;
		};
		D0BB249B1678772C005E9371 /* Build configuration list for PBXNativeTarget "ReactiveCocoaLayout Mac" */ = {
			isa = XCConfigurationList;
			buildConfigurations = (
				D0BB249C1678772C005E9371 /* Debug */,
				D0BB249D1678772C005E9371 /* Release */,
				D0626A42167945D400E951A5 /* Profile */,
			);
			defaultConfigurationIsVisible = 0;
			defaultConfigurationName = Release;
		};
		D0BB249E1678772C005E9371 /* Build configuration list for PBXNativeTarget "ReactiveCocoaLayout Mac Tests" */ = {
			isa = XCConfigurationList;
			buildConfigurations = (
				D0BB249F1678772C005E9371 /* Debug */,
				D0BB24A01678772C005E9371 /* Release */,
				D0626A43167945D400E951A5 /* Profile */,
			);
			defaultConfigurationIsVisible = 0;
			defaultConfigurationName = Release;
		};
/* End XCConfigurationList section */
	};
	rootObject = D0BB24671678772C005E9371 /* Project object */;
}
